{
    "version": 3,
    "terraform_version": "0.12.18",
    "serial": 1,
    "lineage": "f152b258-3c79-f815-0888-65919d400316",
    "modules": [
        {
            "path": [
                "root"
            ],
            "outputs": {
                "aws_autoscaling_group_tfer--pipeline-002D-eks-002D-nodepool-002D-m4je2o0jwty6e-002D-pool1-002D-NodeGroup-002D-IPWFN5ABCSR5_id": {
                    "sensitive": false,
                    "type": "string",
                    "value": "pipeline-eks-nodepool-m4je2o0jwty6e-pool1-NodeGroup-IPWFN5ABCSR5"
                },
                "aws_cloudformation_stack_tfer--pipeline-002D-eks-002D-iam-002D-m4je2o0jwty6e_id": {
                    "sensitive": false,
                    "type": "string",
                    "value": "arn:aws:cloudformation:us-east-2:377481363432:stack/pipeline-eks-iam-m4je2o0jwty6e/b719ab10-5424-11ea-94b2-065ddb117676"
                },
                "aws_cloudformation_stack_tfer--pipeline-002D-eks-002D-m4je2o0jwty6e_id": {
                    "sensitive": false,
                    "type": "string",
                    "value": "arn:aws:cloudformation:us-east-2:377481363432:stack/pipeline-eks-m4je2o0jwty6e/b7195cf0-5424-11ea-a63e-063c30684966"
                },
                "aws_cloudformation_stack_tfer--pipeline-002D-eks-002D-nodepool-002D-m4je2o0jwty6e-002D-pool1_id": {
                    "sensitive": false,
                    "type": "string",
                    "value": "arn:aws:cloudformation:us-east-2:377481363432:stack/pipeline-eks-nodepool-m4je2o0jwty6e-pool1/6767ae80-5426-11ea-9d3e-0294f7a52ca2"
                },
                "aws_cloudformation_stack_tfer--pipeline-002D-eks-002D-subnet-002D-m4je2o0jwty6e-002D-192-002D-168-002D-64-002D-0-002D-20_id": {
                    "sensitive": false,
                    "type": "string",
                    "value": "arn:aws:cloudformation:us-east-2:377481363432:stack/pipeline-eks-subnet-m4je2o0jwty6e-192-168-64-0-20/db53a7b0-5424-11ea-9ad2-0279c28b0d70"
                },
                "aws_cloudformation_stack_tfer--pipeline-002D-eks-002D-subnet-002D-m4je2o0jwty6e-002D-192-002D-168-002D-80-002D-0-002D-20_id": {
                    "sensitive": false,
                    "type": "string",
                    "value": "arn:aws:cloudformation:us-east-2:377481363432:stack/pipeline-eks-subnet-m4je2o0jwty6e-192-168-80-0-20/db5c8150-5424-11ea-8a6c-0a8046302794"
                },
                "aws_ebs_volume_tfer--vol-002D-03521e31c017cb57b_id": {
                    "sensitive": false,
                    "type": "string",
                    "value": "vol-03521e31c017cb57b"
                },
                "aws_ebs_volume_tfer--vol-002D-099bb5d3047a27940_id": {
                    "sensitive": false,
                    "type": "string",
                    "value": "vol-099bb5d3047a27940"
                },
                "aws_ebs_volume_tfer--vol-002D-0b8ac7033481d4b11_id": {
                    "sensitive": false,
                    "type": "string",
                    "value": "vol-0b8ac7033481d4b11"
                },
                "aws_eip_tfer--eipalloc-002D-0f213ea1603bd5b3f_id": {
                    "sensitive": false,
                    "type": "string",
                    "value": "eipalloc-0f213ea1603bd5b3f"
                },
                "aws_eks_cluster_tfer--m4je2o0jwty6e_id": {
                    "sensitive": false,
                    "type": "string",
                    "value": "m4je2o0jwty6e"
                },
                "aws_elb_tfer--a07778a04542711ea9748026f78358f6_id": {
                    "sensitive": false,
                    "type": "string",
                    "value": "a07778a04542711ea9748026f78358f6"
                },
                "aws_elb_tfer--ad33b183a545311ea9748026f78358f6_id": {
                    "sensitive": false,
                    "type": "string",
                    "value": "ad33b183a545311ea9748026f78358f6"
                },
                "aws_instance_tfer--i-002D-0dd80f4e6dbe7d032_m4je2o0jwty6e-002D-pool1_id": {
                    "sensitive": false,
                    "type": "string",
                    "value": "i-0dd80f4e6dbe7d032"
                },
                "aws_instance_tfer--i-002D-0e29d1a8ca2a8855a_m4je2o0jwty6e-002D-pool1_id": {
                    "sensitive": false,
                    "type": "string",
                    "value": "i-0e29d1a8ca2a8855a"
                },
                "aws_instance_tfer--i-002D-0f4e40488601b1dba_m4je2o0jwty6e-002D-pool1_id": {
                    "sensitive": false,
                    "type": "string",
                    "value": "i-0f4e40488601b1dba"
                },
                "aws_instance_tfer--i-002D-0f8c034f1b7907a72_m4je2o0jwty6e-002D-pool1_id": {
                    "sensitive": false,
                    "type": "string",
                    "value": "i-0f8c034f1b7907a72"
                },
                "aws_instance_tfer--i-002D-0fb37c5b2c57af3df_m4je2o0jwty6e-002D-pool1_id": {
                    "sensitive": false,
                    "type": "string",
                    "value": "i-0fb37c5b2c57af3df"
                },
                "aws_instance_tfer--i-002D-0fcbd8773f620361b_m4je2o0jwty6e-002D-pool1_id": {
                    "sensitive": false,
                    "type": "string",
                    "value": "i-0fcbd8773f620361b"
                },
                "aws_instance_tfer--i-002D-0fde9d1f425d64b09_m4je2o0jwty6e-002D-pool1_id": {
                    "sensitive": false,
                    "type": "string",
                    "value": "i-0fde9d1f425d64b09"
                },
                "aws_internet_gateway_tfer--igw-002D-088f33bf76de8c31c_id": {
                    "sensitive": false,
                    "type": "string",
                    "value": "igw-088f33bf76de8c31c"
                },
                "aws_internet_gateway_tfer--igw-002D-572ae53e_id": {
                    "sensitive": false,
                    "type": "string",
                    "value": "igw-572ae53e"
                },
                "aws_launch_configuration_tfer--eks-002D-vsjd36IH-002D-1-002E-14-002D-wg-002D-small2020022622594755250000000d_id": {
                    "sensitive": false,
                    "type": "string",
                    "value": "eks-vsjd36IH-1.14-wg-small2020022622594755250000000d"
                },
                "aws_launch_configuration_tfer--pipeline-002D-eks-002D-nodepool-002D-m4je2o0jwty6e-002D-pool1-002D-NodeLaunchConfig-002D-7Z23HDQIVTIJ_id": {
                    "sensitive": false,
                    "type": "string",
                    "value": "pipeline-eks-nodepool-m4je2o0jwty6e-pool1-NodeLaunchConfig-7Z23HDQIVTIJ"
                },
                "aws_main_route_table_association_tfer--vpc-002D-063de654fdde6412d_id": {
                    "sensitive": false,
                    "type": "string",
                    "value": "rtbassoc-0034fb2d8b0c08d58"
                },
                "aws_main_route_table_association_tfer--vpc-002D-c3fc20aa_id": {
                    "sensitive": false,
                    "type": "string",
                    "value": "rtbassoc-02fb516b"
                },
                "aws_network_acl_tfer--acl-002D-09e07bbc264030ded_id": {
                    "sensitive": false,
                    "type": "string",
                    "value": "acl-09e07bbc264030ded"
                },
                "aws_network_acl_tfer--acl-002D-c821f8a1_id": {
                    "sensitive": false,
                    "type": "string",
                    "value": "acl-c821f8a1"
                },
                "aws_route_table_association_tfer--subnet-002D-0099b3ef85aa62e65_id": {
                    "sensitive": false,
                    "type": "string",
                    "value": "rtbassoc-0f7f5b7a4a673f3d9"
                },
                "aws_route_table_association_tfer--subnet-002D-0dc298e7f9b88c2b0_id": {
                    "sensitive": false,
                    "type": "string",
                    "value": "rtbassoc-007095768cca77f53"
                },
                "aws_route_table_tfer--rtb-002D-04de8e082d98bd27d_id": {
                    "sensitive": false,
                    "type": "string",
                    "value": "rtb-04de8e082d98bd27d"
                },
                "aws_route_table_tfer--rtb-002D-0b3d3913a72b383ce_id": {
                    "sensitive": false,
                    "type": "string",
                    "value": "rtb-0b3d3913a72b383ce"
                },
                "aws_route_table_tfer--rtb-002D-898a51e0_id": {
                    "sensitive": false,
                    "type": "string",
                    "value": "rtb-898a51e0"
                },
                "aws_sns_topic_tfer--DO-002D-NOT-002D-UNSUBSCRIBE-002D-AwsConfig-002D-ConduitAsap_id": {
                    "sensitive": false,
                    "type": "string",
                    "value": "arn:aws:sns:us-east-2:377481363432:DO-NOT-UNSUBSCRIBE-AwsConfig-ConduitAsap"
                },
                "aws_sns_topic_tfer--DO-002D-NOT-002D-UNSUBSCRIBE-002D-CloudWatch-002D-ConduitAsap_id": {
                    "sensitive": false,
                    "type": "string",
                    "value": "arn:aws:sns:us-east-2:377481363432:DO-NOT-UNSUBSCRIBE-CloudWatch-ConduitAsap"
                },
                "aws_sns_topic_tfer--DO-002D-NOT-002D-UNSUBSCRIBE-002D-GuardDuty-002D-ConduitAsap_id": {
                    "sensitive": false,
                    "type": "string",
                    "value": "arn:aws:sns:us-east-2:377481363432:DO-NOT-UNSUBSCRIBE-GuardDuty-ConduitAsap"
                },
                "aws_sns_topic_tfer--DO-002D-NOT-002D-UNSUBSCRIBE-002D-User-002D-Defined-002D-Detections_id": {
                    "sensitive": false,
                    "type": "string",
                    "value": "arn:aws:sns:us-east-2:377481363432:DO-NOT-UNSUBSCRIBE-User-Defined-Detections"
                },
                "aws_subnet_tfer--subnet-002D-0099b3ef85aa62e65_id": {
                    "sensitive": false,
                    "type": "string",
                    "value": "subnet-0099b3ef85aa62e65"
                },
                "aws_subnet_tfer--subnet-002D-0dc298e7f9b88c2b0_id": {
                    "sensitive": false,
                    "type": "string",
                    "value": "subnet-0dc298e7f9b88c2b0"
                },
                "aws_subnet_tfer--subnet-002D-451fed3e_id": {
                    "sensitive": false,
                    "type": "string",
                    "value": "subnet-451fed3e"
                },
                "aws_subnet_tfer--subnet-002D-4bf45a22_id": {
                    "sensitive": false,
                    "type": "string",
                    "value": "subnet-4bf45a22"
                },
                "aws_subnet_tfer--subnet-002D-6da8be27_id": {
                    "sensitive": false,
                    "type": "string",
                    "value": "subnet-6da8be27"
                },
                "aws_volume_attachment_tfer--i-002D-0f4e40488601b1dba-003A--002F-dev-002F-xvdce_id": {
                    "sensitive": false,
                    "type": "string",
                    "value": "vai-503943195"
                },
                "aws_volume_attachment_tfer--i-002D-0fb37c5b2c57af3df-003A--002F-dev-002F-xvdcm_id": {
                    "sensitive": false,
                    "type": "string",
                    "value": "vai-1507054553"
                },
                "aws_volume_attachment_tfer--i-002D-0fcbd8773f620361b-003A--002F-dev-002F-xvdbg_id": {
                    "sensitive": false,
                    "type": "string",
                    "value": "vai-3435340613"
                },
                "aws_vpc_tfer--vpc-002D-063de654fdde6412d_id": {
                    "sensitive": false,
                    "type": "string",
                    "value": "vpc-063de654fdde6412d"
                },
                "aws_vpc_tfer--vpc-002D-c3fc20aa_id": {
                    "sensitive": false,
                    "type": "string",
                    "value": "vpc-c3fc20aa"
                }
            },
            "resources": {
                "aws_autoscaling_group.tfer--pipeline-002D-eks-002D-nodepool-002D-m4je2o0jwty6e-002D-pool1-002D-NodeGroup-002D-IPWFN5ABCSR5": {
                    "type": "aws_autoscaling_group",
                    "depends_on": [],
                    "primary": {
                        "id": "pipeline-eks-nodepool-m4je2o0jwty6e-pool1-NodeGroup-IPWFN5ABCSR5",
                        "attributes": {
                            "arn": "arn:aws:autoscaling:us-east-2:377481363432:autoScalingGroup:f93d6f76-10fe-4fef-9d97-10cd0c789168:autoScalingGroupName/pipeline-eks-nodepool-m4je2o0jwty6e-pool1-NodeGroup-IPWFN5ABCSR5",
                            "availability_zones.#": "1",
                            "availability_zones.0": "us-east-2a",
                            "default_cooldown": "5",
                            "desired_capacity": "7",
                            "enabled_metrics.#": "13",
                            "enabled_metrics.0": "GroupDesiredCapacity",
                            "enabled_metrics.1": "GroupInServiceCapacity",
                            "enabled_metrics.10": "GroupTerminatingInstances",
                            "enabled_metrics.11": "GroupTotalCapacity",
                            "enabled_metrics.12": "GroupTotalInstances",
                            "enabled_metrics.2": "GroupInServiceInstances",
                            "enabled_metrics.3": "GroupMaxSize",
                            "enabled_metrics.4": "GroupMinSize",
                            "enabled_metrics.5": "GroupPendingCapacity",
                            "enabled_metrics.6": "GroupPendingInstances",
                            "enabled_metrics.7": "GroupStandbyCapacity",
                            "enabled_metrics.8": "GroupStandbyInstances",
                            "enabled_metrics.9": "GroupTerminatingCapacity",
                            "force_delete": "false",
                            "health_check_grace_period": "0",
                            "health_check_type": "EC2",
                            "id": "pipeline-eks-nodepool-m4je2o0jwty6e-pool1-NodeGroup-IPWFN5ABCSR5",
                            "launch_configuration": "pipeline-eks-nodepool-m4je2o0jwty6e-pool1-NodeLaunchConfig-7Z23HDQIVTIJ",
                            "launch_template.#": "0",
                            "load_balancers.#": "0",
                            "max_instance_lifetime": "0",
                            "max_size": "7",
                            "metrics_granularity": "1Minute",
                            "min_size": "6",
                            "mixed_instances_policy.#": "0",
                            "name": "pipeline-eks-nodepool-m4je2o0jwty6e-pool1-NodeGroup-IPWFN5ABCSR5",
                            "placement_group": "",
                            "protect_from_scale_in": "false",
                            "service_linked_role_arn": "arn:aws:iam::377481363432:role/aws-service-role/autoscaling.amazonaws.com/AWSServiceRoleForAutoScaling",
                            "suspended_processes.#": "0",
                            "tag.#": "11",
                            "tag.0.key": "Name",
                            "tag.0.propagate_at_launch": "true",
                            "tag.0.value": "m4je2o0jwty6e-pool1",
                            "tag.1.key": "aws:cloudformation:logical-id",
                            "tag.1.propagate_at_launch": "true",
                            "tag.1.value": "NodeGroup",
                            "tag.10.key": "kubernetes.io/cluster/m4je2o0jwty6e",
                            "tag.10.propagate_at_launch": "true",
                            "tag.10.value": "owned",
                            "tag.2.key": "aws:cloudformation:stack-id",
                            "tag.2.propagate_at_launch": "true",
                            "tag.2.value": "arn:aws:cloudformation:us-east-2:377481363432:stack/pipeline-eks-nodepool-m4je2o0jwty6e-pool1/6767ae80-5426-11ea-9d3e-0294f7a52ca2",
                            "tag.3.key": "aws:cloudformation:stack-name",
                            "tag.3.propagate_at_launch": "true",
                            "tag.3.value": "pipeline-eks-nodepool-m4je2o0jwty6e-pool1",
                            "tag.4.key": "banzaicloud-pipeline-cluster-name",
                            "tag.4.propagate_at_launch": "true",
                            "tag.4.value": "m4je2o0jwty6e",
                            "tag.5.key": "banzaicloud-pipeline-managed",
                            "tag.5.propagate_at_launch": "true",
                            "tag.5.value": "true",
                            "tag.6.key": "banzaicloud-pipeline-stack-type",
                            "tag.6.propagate_at_launch": "true",
                            "tag.6.value": "nodepool",
                            "tag.7.key": "banzaicloud-pipeline-uuid",
                            "tag.7.propagate_at_launch": "true",
                            "tag.7.value": "e9f93691-caef-4f62-93c3-fc735a79beb5",
                            "tag.8.key": "bzc:detach-asg-instance-on-termination",
                            "tag.8.propagate_at_launch": "false",
                            "tag.8.value": "false",
                            "tag.9.key": "k8s.io/cluster-autoscaler/enabled",
                            "tag.9.propagate_at_launch": "false",
                            "tag.9.value": "true",
                            "target_group_arns.#": "0",
                            "termination_policies.#": "0",
                            "vpc_zone_identifier.#": "1",
                            "vpc_zone_identifier.0": "subnet-0dc298e7f9b88c2b0",
                            "wait_for_capacity_timeout": "10m"
                        },
                        "meta": {
                            "schema_version": 0
                        },
                        "tainted": false
                    },
                    "deposed": [],
                    "provider": "provider.aws"
                },
                "aws_cloudformation_stack.tfer--pipeline-002D-eks-002D-iam-002D-m4je2o0jwty6e": {
                    "type": "aws_cloudformation_stack",
                    "depends_on": [],
                    "primary": {
                        "id": "arn:aws:cloudformation:us-east-2:377481363432:stack/pipeline-eks-iam-m4je2o0jwty6e/b719ab10-5424-11ea-94b2-065ddb117676",
                        "attributes": {
                            "capabilities.#": "2",
                            "capabilities.0": "CAPABILITY_IAM",
                            "capabilities.1": "CAPABILITY_NAMED_IAM",
                            "disable_rollback": "true",
                            "iam_role_arn": "",
                            "id": "arn:aws:cloudformation:us-east-2:377481363432:stack/pipeline-eks-iam-m4je2o0jwty6e/b719ab10-5424-11ea-94b2-065ddb117676",
                            "name": "pipeline-eks-iam-m4je2o0jwty6e",
                            "outputs.%": "4",
                            "outputs.ClusterRoleArn": "arn:aws:iam::377481363432:role/pipeline-eks-iam-m4je2o0jwty6e-ClusterRole-NXW9OZ2CSKQ",
                            "outputs.ClusterUserArn": "arn:aws:iam::377481363432:user/m4je2o0jwty6e",
                            "outputs.NodeInstanceRoleArn": "arn:aws:iam::377481363432:role/pipeline-eks-iam-m4je2o0jwty6e-NodeInstanceRole-4MBONOX6FE02",
                            "outputs.NodeInstanceRoleId": "pipeline-eks-iam-m4je2o0jwty6e-NodeInstanceRole-4MBONOX6FE02",
                            "parameters.%": "0",
                            "tags.%": "4",
                            "tags.banzaicloud-pipeline-cluster-name": "m4je2o0jwty6e",
                            "tags.banzaicloud-pipeline-managed": "true",
                            "tags.banzaicloud-pipeline-stack-type": "vpc",
                            "tags.banzaicloud-pipeline-uuid": "e9f93691-caef-4f62-93c3-fc735a79beb5",
                            "template_body": "AWSTemplateFormatVersion: '2010-09-09'\nDescription: 'Amazon EKS IAM'\n\nParameters:\n  ClusterName:\n    Type: String\n    Description: The name of the EKS cluster.\n\n  UserId:\n    Type: String\n    Description: The user ID provided to set as cluster admin.\n    Default: \"\"\n\n  UserPath:\n    Type: String\n    Description: The path of the provided user to set as cluster admin.\n    Default: \"/\"\n\n  ClusterRoleId:\n    Type: String\n    Description: The role ID provided to set for the EKS cluster.\n    Default: \"\"\n\n  ClusterRolePath:\n    Type: String\n    Description: The path of the provided role to set for the EKS cluster.\n    Default: \"/\"\n\n  NodeInstanceRoleId:\n    Type: String\n    Description: The role ID provided to set for the EKS nodes.\n    Default: \"\"\n\n  NodeInstanceRolePath:\n    Type: String\n    Description: The path of the provided role to set for the EKS nodes.\n    Default: \"/\"\n\nConditions:\n  CreateUser: !Equals [ !Ref UserId, \"\" ]\n  CreateClusterRole: !Equals [ !Ref ClusterRoleId, \"\" ]\n  CreateNodeInstanceRole: !Equals [ !Ref NodeInstanceRoleId, \"\" ]\n\nResources:\n  ClusterUser:\n    Type: AWS::IAM::User\n    Condition: CreateUser\n    Properties:\n      UserName: !Sub \"${ClusterName}\"\n\n  ClusterRole:\n    Type: AWS::IAM::Role\n    Condition: CreateClusterRole\n    Properties:\n      AssumeRolePolicyDocument:\n        Version: '2012-10-17'\n        Statement:\n        - Effect: Allow\n          Principal:\n            Service:\n            - eks.amazonaws.com\n          Action:\n          - sts:AssumeRole\n      Path: \"/\"\n      ManagedPolicyArns:\n        - arn:aws:iam::aws:policy/AmazonEKSClusterPolicy\n        - arn:aws:iam::aws:policy/AmazonEKSServicePolicy\n      MaxSessionDuration: 3600\n\n  NodeInstanceRole:\n    Type: AWS::IAM::Role\n    Condition: CreateNodeInstanceRole\n    Properties:\n      AssumeRolePolicyDocument:\n        Version: '2012-10-17'\n        Statement:\n        - Effect: Allow\n          Principal:\n            Service:\n            - ec2.amazonaws.com\n          Action:\n          - sts:AssumeRole\n      Path: \"/\"\n      ManagedPolicyArns:\n        - arn:aws:iam::aws:policy/AmazonEKSWorkerNodePolicy\n        - arn:aws:iam::aws:policy/AmazonEKS_CNI_Policy\n        - arn:aws:iam::aws:policy/AmazonEC2ContainerRegistryReadOnly\n      Policies:\n        -\n          PolicyName: NodePolicy\n          PolicyDocument:\n            Version: '2012-10-17'\n            Statement:\n            -\n              Effect: \"Allow\"\n              Action:\n              - ec2:Describe*\n              - ecr:GetAuthorizationToken\n              - ecr:BatchCheckLayerAvailability\n              - ecr:GetDownloadUrlForLayer\n              - ecr:GetRepositoryPolicy\n              - ecr:DescribeRepositories\n              - ecr:ListImages\n              - ecr:BatchGetImage\n              - s3:ListBucket\n              - s3:GetObject\n              - s3:PutObject\n              - s3:DeleteObject\n              - autoscaling:DescribeAutoScalingGroups\n              - autoscaling:UpdateAutoScalingGroup\n              - autoscaling:DescribeAutoScalingInstances\n              - autoscaling:DescribeTags\n              - autoscaling:DescribeLaunchConfigurations\n              - autoscaling:SetDesiredCapacity\n              - autoscaling:TerminateInstanceInAutoScalingGroup\n              - autoscaling:PutLifecycleHook\n              - autoscaling:RecordLifecycleActionHeartbeat\n              - autoscaling:DescribeLifecycleHooks\n              - autoscaling:CompleteLifecycleAction\n              - autoscaling:DeleteLifecycleHook\n              - autoscaling:DetachInstances\n              Resource: \"*\"\n\nOutputs:\n  ClusterRoleArn:\n    Description: The ClusterRole ARN\n    Value: !If [ CreateClusterRole, !GetAtt ClusterRole.Arn, !Sub \"arn:aws:iam::${AWS::AccountId}:role${ClusterRolePath}${ClusterRoleId}\" ]\n\n  NodeInstanceRoleId:\n    Description: The NodeInstanceRole ID\n    Value: !If [ CreateNodeInstanceRole, !Ref NodeInstanceRole, !Sub \"${NodeInstanceRoleId}\" ]\n\n  NodeInstanceRoleArn:\n    Description: The NodeInstanceRole ARN\n    Value: !If [ CreateNodeInstanceRole, !GetAtt NodeInstanceRole.Arn, !Sub \"arn:aws:iam::${AWS::AccountId}:role${NodeInstanceRolePath}${NodeInstanceRoleId}\" ]\n\n  ClusterUserArn:\n    Description: Cluster user's ARN\n    Value: !If [ CreateUser, !GetAtt ClusterUser.Arn, !Sub \"arn:aws:iam::${AWS::AccountId}:user${UserPath}${UserId}\" ]\n",
                            "timeout_in_minutes": "10"
                        },
                        "meta": {
                            "schema_version": 0
                        },
                        "tainted": false
                    },
                    "deposed": [],
                    "provider": "provider.aws"
                },
                "aws_cloudformation_stack.tfer--pipeline-002D-eks-002D-m4je2o0jwty6e": {
                    "type": "aws_cloudformation_stack",
                    "depends_on": [],
                    "primary": {
                        "id": "arn:aws:cloudformation:us-east-2:377481363432:stack/pipeline-eks-m4je2o0jwty6e/b7195cf0-5424-11ea-a63e-063c30684966",
                        "attributes": {
                            "disable_rollback": "true",
                            "iam_role_arn": "",
                            "id": "arn:aws:cloudformation:us-east-2:377481363432:stack/pipeline-eks-m4je2o0jwty6e/b7195cf0-5424-11ea-a63e-063c30684966",
                            "name": "pipeline-eks-m4je2o0jwty6e",
                            "outputs.%": "4",
                            "outputs.NodeSecurityGroup": "sg-007d703253c235022",
                            "outputs.RouteTableId": "rtb-0b3d3913a72b383ce",
                            "outputs.SecurityGroups": "sg-0d55a6c7ed9fd45ec",
                            "outputs.VpcId": "vpc-063de654fdde6412d",
                            "parameters.%": "0",
                            "tags.%": "4",
                            "tags.banzaicloud-pipeline-cluster-name": "m4je2o0jwty6e",
                            "tags.banzaicloud-pipeline-managed": "true",
                            "tags.banzaicloud-pipeline-stack-type": "vpc",
                            "tags.banzaicloud-pipeline-uuid": "e9f93691-caef-4f62-93c3-fc735a79beb5",
                            "template_body": "---\nAWSTemplateFormatVersion: '2010-09-09'\nDescription: 'Amazon EKS VPC'\n\nParameters:\n\n  ClusterName:\n    Description: The cluster name provided when the cluster was created.  If it is incorrect, nodes will not be able to join the cluster.\n    Type: String\n\n  VpcId:\n    Type: String\n    Description: The VPC to be used instead of creating a new one.\n    Default: \"\"\n\n  RouteTableId:\n    Type: String\n    Default: \"\"\n    Description: Id of the RouteTable of the VPC to be used by subnets. This is used only when subnets are created into existing VPC.\n\n  VpcBlock:\n    Type: String\n    Default: 192.168.0.0/16\n    Description: The CIDR range for the VPC. This should be a valid private (RFC 1918) CIDR range. Used only when new VPC is created.\n\nMetadata:\n  AWS::CloudFormation::Interface:\n    ParameterGroups:\n      -\n        Label:\n          default: \"EKS Cluster\"\n        Parameters:\n          - ClusterName\n      -\n        Label:\n          default: \"Worker Network Configuration\"\n        Parameters:\n          - VpcId\n          - RouteTableId\n          - VpcBlock\n\nConditions:\n  CreateVpc: !Equals [ !Ref VpcId, \"\" ]\n\nResources:\n  VPC:\n    Type: \"AWS::EC2::VPC\"\n    Condition: CreateVpc\n    Properties:\n      CidrBlock:  !Ref VpcBlock\n      EnableDnsSupport: true\n      EnableDnsHostnames: true\n      Tags:\n      - Key: Name\n        Value: !Sub '${AWS::StackName}-VPC'\n\n  InternetGateway:\n    Type: \"AWS::EC2::InternetGateway\"\n    Condition: CreateVpc\n\n  VPCGatewayAttachment:\n    Type: \"AWS::EC2::VPCGatewayAttachment\"\n    Condition: CreateVpc\n    Properties:\n      InternetGatewayId: !Ref InternetGateway\n      VpcId: !Ref VPC\n\n  RouteTable:\n    Type: \"AWS::EC2::RouteTable\"\n    Condition: CreateVpc\n    Properties:\n      VpcId: !Ref VPC\n      Tags:\n      - Key: Name\n        Value: Public Subnets\n      - Key: Network\n        Value: Public\n\n  Route:\n    DependsOn: VPCGatewayAttachment\n    Condition: CreateVpc\n    Type: \"AWS::EC2::Route\"\n    Properties:\n      RouteTableId: !Ref RouteTable\n      DestinationCidrBlock: 0.0.0.0/0\n      GatewayId: !Ref InternetGateway\n\n  ControlPlaneSecurityGroup:\n    Type: \"AWS::EC2::SecurityGroup\"\n    Properties:\n      GroupDescription: Cluster communication with worker nodes\n      VpcId: !If [ CreateVpc, !Ref VPC,  !Ref VpcId ]\n\n  NodeSecurityGroup:\n    Type: \"AWS::EC2::SecurityGroup\"\n    Properties:\n      GroupDescription: Security group for all nodes in the cluster\n      VpcId: !If [ CreateVpc,  !Ref VPC,  !Ref VpcId ]\n      Tags:\n      - Key: !Sub \"kubernetes.io/cluster/${ClusterName}\"\n        Value: 'owned'\n\nOutputs:\n  SecurityGroups:\n    Description: Security group for the cluster control plane communication with worker nodes\n    Value: !Join [ \",\", [ !Ref ControlPlaneSecurityGroup ] ]\n\n  NodeSecurityGroup:\n    Description: Security group for all nodes in the cluster\n    Value:  !Ref NodeSecurityGroup\n\n  VpcId:\n    Description: The VPC Id\n    Value: !If [ CreateVpc, !Ref VPC,  !Ref VpcId ]\n\n  RouteTableId:\n      Description: Route table Id\n      Value: !If [ CreateVpc, !Ref RouteTable,  !Ref RouteTableId ]\n",
                            "timeout_in_minutes": "10"
                        },
                        "meta": {
                            "schema_version": 0
                        },
                        "tainted": false
                    },
                    "deposed": [],
                    "provider": "provider.aws"
                },
                "aws_cloudformation_stack.tfer--pipeline-002D-eks-002D-nodepool-002D-m4je2o0jwty6e-002D-pool1": {
                    "type": "aws_cloudformation_stack",
                    "depends_on": [],
                    "primary": {
                        "id": "arn:aws:cloudformation:us-east-2:377481363432:stack/pipeline-eks-nodepool-m4je2o0jwty6e-pool1/6767ae80-5426-11ea-9d3e-0294f7a52ca2",
                        "attributes": {
                            "capabilities.#": "1",
                            "capabilities.0": "CAPABILITY_IAM",
                            "disable_rollback": "true",
                            "iam_role_arn": "",
                            "id": "arn:aws:cloudformation:us-east-2:377481363432:stack/pipeline-eks-nodepool-m4je2o0jwty6e-pool1/6767ae80-5426-11ea-9d3e-0294f7a52ca2",
                            "name": "pipeline-eks-nodepool-m4je2o0jwty6e-pool1",
                            "outputs.%": "0",
                            "parameters.%": "0",
                            "tags.%": "4",
                            "tags.banzaicloud-pipeline-cluster-name": "m4je2o0jwty6e",
                            "tags.banzaicloud-pipeline-managed": "true",
                            "tags.banzaicloud-pipeline-stack-type": "nodepool",
                            "tags.banzaicloud-pipeline-uuid": "e9f93691-caef-4f62-93c3-fc735a79beb5",
                            "template_body": "---\nAWSTemplateFormatVersion: '2010-09-09'\nDescription: 'Amazon EKS - Node Group'\n\nParameters:\n\n  KeyName:\n    Description: The EC2 Key Pair to allow SSH access to the instances\n    Type: AWS::EC2::KeyPair::KeyName\n\n  NodeImageId:\n    Type: AWS::EC2::Image::Id\n    Description: AMI id for the node instances.\n\n  NodeInstanceType:\n    Description: EC2 instance type for the node instances\n    Type: String\n    Default: t2.medium\n    AllowedValues:\n    - t2.small\n    - t2.medium\n    - t2.large\n    - t2.xlarge\n    - t2.2xlarge\n    - t3.nano\n    - t3.micro\n    - t3.small\n    - t3.medium\n    - t3.large\n    - t3.xlarge\n    - t3.2xlarge\n    - m3.medium\n    - m3.large\n    - m3.xlarge\n    - m3.2xlarge\n    - m4.large\n    - m4.xlarge\n    - m4.2xlarge\n    - m4.4xlarge\n    - m4.10xlarge\n    - m5.large\n    - m5.xlarge\n    - m5.2xlarge\n    - m5.4xlarge\n    - m5.12xlarge\n    - m5.24xlarge\n    - c4.large\n    - c4.xlarge\n    - c4.2xlarge\n    - c4.4xlarge\n    - c4.8xlarge\n    - c5.large\n    - c5.xlarge\n    - c5.2xlarge\n    - c5.4xlarge\n    - c5.9xlarge\n    - c5.18xlarge\n    - i3.large\n    - i3.xlarge\n    - i3.2xlarge\n    - i3.4xlarge\n    - i3.8xlarge\n    - i3.16xlarge\n    - r3.xlarge\n    - r3.2xlarge\n    - r3.4xlarge\n    - r3.8xlarge\n    - r4.large\n    - r4.xlarge\n    - r4.2xlarge\n    - r4.4xlarge\n    - r4.8xlarge\n    - r4.16xlarge\n    - x1.16xlarge\n    - x1.32xlarge\n    - p2.xlarge\n    - p2.8xlarge\n    - p2.16xlarge\n    - p3.2xlarge\n    - p3.8xlarge\n    - p3.16xlarge\n    - r5.large\n    - r5.xlarge\n    - r5.2xlarge\n    - r5.4xlarge\n    - r5.12xlarge\n    - r5.24xlarge\n    - r5d.large\n    - r5d.xlarge\n    - r5d.2xlarge\n    - r5d.4xlarge\n    - r5d.12xlarge\n    - r5d.24xlarge\n    - z1d.large\n    - z1d.xlarge\n    - z1d.2xlarge\n    - z1d.3xlarge\n    - z1d.6xlarge\n    - z1d.12xlarge\n    ConstraintDescription: must be a valid EC2 instance type\n\n  NodeAutoScalingGroupMinSize:\n    Type: Number\n    Description: Minimum size of Node Group ASG.\n    Default: 1\n\n  NodeAutoScalingGroupMaxSize:\n    Type: Number\n    Description: Maximum size of Node Group ASG.\n    Default: 3\n\n  NodeAutoScalingInitSize:\n    Type: Number\n    Description: The initial size of Node Group ASG.\n    Default: 1\n\n  NodeVolumeSize:\n    Type: Number\n    Description: Node volume size\n    Default: 20\n\n  NodeSpotPrice:\n    Type: String\n    Description: The spot price for this ASG\n\n  ClusterName:\n    Description: The cluster name provided when the cluster was created.  If it is incorrect, nodes will not be able to join the cluster.\n    Type: String\n\n  BootstrapArguments:\n    Description: Arguments to pass to the bootstrap script. See files/bootstrap.sh in https://github.com/awslabs/amazon-eks-ami\n    Default: \"\"\n    Type: String\n\n  NodeGroupName:\n    Description: Unique identifier for the Node Group.\n    Type: String\n\n  ClusterControlPlaneSecurityGroup:\n    Description: The security group of the cluster control plane.\n    Type: AWS::EC2::SecurityGroup::Id\n\n  NodeSecurityGroup:\n    Description: Security group for all nodes in the cluster.\n    Type: AWS::EC2::SecurityGroup::Id\n\n  VpcId:\n    Description: The VPC of the worker instances\n    Type: AWS::EC2::VPC::Id\n\n  Subnets:\n    Description: The subnets where workers can be created.\n    Type: List\u003cAWS::EC2::Subnet::Id\u003e\n\n  NodeInstanceRoleId:\n    Description: The role for node IAM profile\n    Type: String\n\n  ClusterAutoscalerEnabled:\n    Description: Enable Cluster Autoscaler (true/false)\n    Type: String\n\n  TerminationDetachEnabled:\n    Description: Enable detachment from ASG at instance termination (true/false)\n    Type: String\n\nMetadata:\n  AWS::CloudFormation::Interface:\n    ParameterGroups:\n      -\n        Label:\n          default: \"EKS Cluster\"\n        Parameters:\n          - ClusterName\n          - ClusterControlPlaneSecurityGroup\n          - NodeSecurityGroup\n      -\n        Label:\n          default: \"Worker Node Configuration\"\n        Parameters:\n          - NodeGroupName\n          - NodeAutoScalingGroupMinSize\n          - NodeAutoScalingGroupMaxSize\n          - NodeAutoScalingInitSize\n          - NodeVolumeSize\n          - NodeSpotPrice\n          - NodeInstanceType\n          - NodeImageId\n          - KeyName\n          - BootstrapArguments\n      -\n        Label:\n          default: \"Worker Network Configuration\"\n        Parameters:\n          - VpcId\n          - Subnets\nConditions:\n  IsSpotInstance: !Not [ !Equals [ !Ref NodeSpotPrice, \"\" ] ]\n  AutoscalerEnabled:  !Equals [ !Ref ClusterAutoscalerEnabled, \"true\" ]\n\nResources:\n  NodeInstanceProfile:\n    Type: AWS::IAM::InstanceProfile\n    Properties:\n      Path: \"/\"\n      Roles:\n      - !Ref NodeInstanceRoleId\n\n  NodeSecurityGroupIngress:\n    Type: AWS::EC2::SecurityGroupIngress\n    Properties:\n      Description: Allow node to communicate with each other\n      GroupId: !Ref NodeSecurityGroup\n      SourceSecurityGroupId: !Ref NodeSecurityGroup\n      IpProtocol: '-1'\n      FromPort: 0\n      ToPort: 65535\n\n  NodeSecurityGroupFromControlPlaneIngress:\n    Type: AWS::EC2::SecurityGroupIngress\n    Properties:\n      Description: Allow worker Kubelets and pods to receive communication from the cluster control plane\n      GroupId: !Ref NodeSecurityGroup\n      SourceSecurityGroupId: !Ref ClusterControlPlaneSecurityGroup\n      IpProtocol: '-1'\n      FromPort: 0\n      ToPort: 65535\n\n  ControlPlaneEgressToNodeSecurityGroup:\n    Type: AWS::EC2::SecurityGroupEgress\n    Properties:\n      Description: Allow the cluster control plane to communicate with worker Kubelet and pods\n      GroupId: !Ref ClusterControlPlaneSecurityGroup\n      DestinationSecurityGroupId: !Ref NodeSecurityGroup\n      IpProtocol: '-1'\n      FromPort: 0\n      ToPort: 65535\n\n  ClusterControlPlaneSecurityGroupIngress:\n    Type: AWS::EC2::SecurityGroupIngress\n    Properties:\n      Description: Allow pods to communicate with the cluster API Server\n      GroupId: !Ref ClusterControlPlaneSecurityGroup\n      SourceSecurityGroupId: !Ref NodeSecurityGroup\n      IpProtocol: tcp\n      ToPort: 443\n      FromPort: 443\n\n  NodeSecurityGroupSsh:\n    Type: AWS::EC2::SecurityGroupIngress\n    Properties:\n      Description: Allow SSH access to node\n      GroupId: !Ref NodeSecurityGroup\n      CidrIp: '0.0.0.0/0'\n      IpProtocol: tcp\n      ToPort: 22\n      FromPort: 22\n\n  NodeGroup:\n    Type: AWS::AutoScaling::AutoScalingGroup\n    Properties:\n      DesiredCapacity: !Ref NodeAutoScalingInitSize\n      LaunchConfigurationName: !Ref NodeLaunchConfig\n      MinSize: !Ref NodeAutoScalingGroupMinSize\n      MaxSize: !Ref NodeAutoScalingGroupMaxSize\n      VPCZoneIdentifier:\n        !Ref Subnets\n      Tags:\n      - Key: Name\n        Value: !Sub \"${ClusterName}-${NodeGroupName}\"\n        PropagateAtLaunch: 'true'\n      - Key: !Sub 'kubernetes.io/cluster/${ClusterName}'\n        Value: 'owned'\n        PropagateAtLaunch: 'true'\n      - Key: !If [ AutoscalerEnabled, 'k8s.io/cluster-autoscaler/enabled', 'k8s.io/cluster-autoscaler/disabled' ]\n        Value: 'true'\n        PropagateAtLaunch: 'false'\n      - Key: 'bzc:detach-asg-instance-on-termination'\n        Value: !Sub \"${TerminationDetachEnabled}\"\n        PropagateAtLaunch: 'false'\n\n    UpdatePolicy:\n      AutoScalingRollingUpdate:\n        MinInstancesInService: '1'\n        MaxBatchSize: '1'\n        PauseTime: PT5M\n\n  NodeLaunchConfig:\n    Type: AWS::AutoScaling::LaunchConfiguration\n    Properties:\n      IamInstanceProfile: !Ref NodeInstanceProfile\n      ImageId: !Ref NodeImageId\n      InstanceType: !Ref NodeInstanceType\n      SpotPrice: !If [ IsSpotInstance, !Ref NodeSpotPrice, !Ref \"AWS::NoValue\" ]\n      KeyName: !Ref KeyName\n      SecurityGroups:\n      - !Ref NodeSecurityGroup\n      BlockDeviceMappings:\n        - DeviceName: /dev/xvda\n          Ebs:\n            VolumeSize: !Ref NodeVolumeSize\n            VolumeType: gp2\n            DeleteOnTermination: true\n      UserData:\n        Fn::Base64:\n          !Sub |\n            #!/bin/bash\n            set -o xtrace\n            /etc/eks/bootstrap.sh ${ClusterName} ${BootstrapArguments}\n            /opt/aws/bin/cfn-signal --exit-code $? \\\n                     --stack  ${AWS::StackName} \\\n                     --resource NodeGroup  \\\n                     --region ${AWS::Region}\n",
                            "timeout_in_minutes": "10"
                        },
                        "meta": {
                            "schema_version": 0
                        },
                        "tainted": false
                    },
                    "deposed": [],
                    "provider": "provider.aws"
                },
                "aws_cloudformation_stack.tfer--pipeline-002D-eks-002D-subnet-002D-m4je2o0jwty6e-002D-192-002D-168-002D-64-002D-0-002D-20": {
                    "type": "aws_cloudformation_stack",
                    "depends_on": [],
                    "primary": {
                        "id": "arn:aws:cloudformation:us-east-2:377481363432:stack/pipeline-eks-subnet-m4je2o0jwty6e-192-168-64-0-20/db53a7b0-5424-11ea-9ad2-0279c28b0d70",
                        "attributes": {
                            "disable_rollback": "true",
                            "iam_role_arn": "",
                            "id": "arn:aws:cloudformation:us-east-2:377481363432:stack/pipeline-eks-subnet-m4je2o0jwty6e-192-168-64-0-20/db53a7b0-5424-11ea-9ad2-0279c28b0d70",
                            "name": "pipeline-eks-subnet-m4je2o0jwty6e-192-168-64-0-20",
                            "outputs.%": "1",
                            "outputs.SubnetId": "subnet-0dc298e7f9b88c2b0",
                            "parameters.%": "0",
                            "tags.%": "4",
                            "tags.banzaicloud-pipeline-cluster-name": "m4je2o0jwty6e",
                            "tags.banzaicloud-pipeline-managed": "true",
                            "tags.banzaicloud-pipeline-stack-type": "subnet",
                            "tags.banzaicloud-pipeline-uuid": "e9f93691-caef-4f62-93c3-fc735a79beb5",
                            "template_body": "---\nAWSTemplateFormatVersion: '2010-09-09'\nDescription: 'Amazon EKS Subnet'\n\nParameters:\n  VpcId:\n    Type: AWS::EC2::VPC::Id\n    Description: The VPC to create the subnet within\n\n  RouteTableId:\n    Type: String\n    Description: The Id of the route table to associate the subnet with\n\n  SubnetBlock:\n    Type: String\n    Default: 192.168.64.0/20\n    Description: CidrBlock for subnet within the VPC\n\n  AvailabilityZoneName:\n    Type: String\n    Description: The AZ of the subnet\n    Default: \"\"\n\nMetadata:\n  AWS::CloudFormation::Interface:\n    ParameterGroups:\n      -\n        Label:\n          default: \"Subnet Configuration\"\n        Parameters:\n          - VpcId\n          - RouteTableId\n          - SubnetBlock\n          - AvailabilityZoneName\nConditions:\n  AZProvided: !Not [!Equals [ !Ref AvailabilityZoneName, \"\" ]]\n\nResources:\n  Subnet:\n    Type: \"AWS::EC2::Subnet\"\n    Properties:\n      AvailabilityZone: !If\n        - AZProvided\n        - !Ref AvailabilityZoneName\n        - !Select\n          - 0\n          - Fn::GetAZs: !Ref 'AWS::Region'\n      CidrBlock: !Ref SubnetBlock\n      VpcId: !Ref VpcId\n      MapPublicIpOnLaunch: true\n      Tags:\n        - Key: Name\n          Value: !Sub \"${AWS::StackName}\"\n  SubnetRouteTableAssociation:\n    Type: \"AWS::EC2::SubnetRouteTableAssociation\"\n    Properties:\n      SubnetId: !Ref Subnet\n      RouteTableId: !Ref RouteTableId\n\nOutputs:\n  SubnetId:\n    Description: The Id of the created subnet\n    Value: !Ref Subnet\n",
                            "timeout_in_minutes": "10"
                        },
                        "meta": {
                            "schema_version": 0
                        },
                        "tainted": false
                    },
                    "deposed": [],
                    "provider": "provider.aws"
                },
                "aws_cloudformation_stack.tfer--pipeline-002D-eks-002D-subnet-002D-m4je2o0jwty6e-002D-192-002D-168-002D-80-002D-0-002D-20": {
                    "type": "aws_cloudformation_stack",
                    "depends_on": [],
                    "primary": {
                        "id": "arn:aws:cloudformation:us-east-2:377481363432:stack/pipeline-eks-subnet-m4je2o0jwty6e-192-168-80-0-20/db5c8150-5424-11ea-8a6c-0a8046302794",
                        "attributes": {
                            "disable_rollback": "true",
                            "iam_role_arn": "",
                            "id": "arn:aws:cloudformation:us-east-2:377481363432:stack/pipeline-eks-subnet-m4je2o0jwty6e-192-168-80-0-20/db5c8150-5424-11ea-8a6c-0a8046302794",
                            "name": "pipeline-eks-subnet-m4je2o0jwty6e-192-168-80-0-20",
                            "outputs.%": "1",
                            "outputs.SubnetId": "subnet-0099b3ef85aa62e65",
                            "parameters.%": "0",
                            "tags.%": "4",
                            "tags.banzaicloud-pipeline-cluster-name": "m4je2o0jwty6e",
                            "tags.banzaicloud-pipeline-managed": "true",
                            "tags.banzaicloud-pipeline-stack-type": "subnet",
                            "tags.banzaicloud-pipeline-uuid": "e9f93691-caef-4f62-93c3-fc735a79beb5",
                            "template_body": "---\nAWSTemplateFormatVersion: '2010-09-09'\nDescription: 'Amazon EKS Subnet'\n\nParameters:\n  VpcId:\n    Type: AWS::EC2::VPC::Id\n    Description: The VPC to create the subnet within\n\n  RouteTableId:\n    Type: String\n    Description: The Id of the route table to associate the subnet with\n\n  SubnetBlock:\n    Type: String\n    Default: 192.168.64.0/20\n    Description: CidrBlock for subnet within the VPC\n\n  AvailabilityZoneName:\n    Type: String\n    Description: The AZ of the subnet\n    Default: \"\"\n\nMetadata:\n  AWS::CloudFormation::Interface:\n    ParameterGroups:\n      -\n        Label:\n          default: \"Subnet Configuration\"\n        Parameters:\n          - VpcId\n          - RouteTableId\n          - SubnetBlock\n          - AvailabilityZoneName\nConditions:\n  AZProvided: !Not [!Equals [ !Ref AvailabilityZoneName, \"\" ]]\n\nResources:\n  Subnet:\n    Type: \"AWS::EC2::Subnet\"\n    Properties:\n      AvailabilityZone: !If\n        - AZProvided\n        - !Ref AvailabilityZoneName\n        - !Select\n          - 0\n          - Fn::GetAZs: !Ref 'AWS::Region'\n      CidrBlock: !Ref SubnetBlock\n      VpcId: !Ref VpcId\n      MapPublicIpOnLaunch: true\n      Tags:\n        - Key: Name\n          Value: !Sub \"${AWS::StackName}\"\n  SubnetRouteTableAssociation:\n    Type: \"AWS::EC2::SubnetRouteTableAssociation\"\n    Properties:\n      SubnetId: !Ref Subnet\n      RouteTableId: !Ref RouteTableId\n\nOutputs:\n  SubnetId:\n    Description: The Id of the created subnet\n    Value: !Ref Subnet\n",
                            "timeout_in_minutes": "10"
                        },
                        "meta": {
                            "schema_version": 0
                        },
                        "tainted": false
                    },
                    "deposed": [],
                    "provider": "provider.aws"
                },
                "aws_ebs_volume.tfer--vol-002D-03521e31c017cb57b": {
                    "type": "aws_ebs_volume",
                    "depends_on": [],
                    "primary": {
                        "id": "vol-03521e31c017cb57b",
                        "attributes": {
                            "arn": "arn:aws:ec2:us-east-2:377481363432:volume/vol-03521e31c017cb57b",
                            "availability_zone": "us-east-2a",
                            "encrypted": "false",
                            "id": "vol-03521e31c017cb57b",
                            "iops": "100",
                            "kms_key_id": "",
                            "size": "10",
                            "snapshot_id": "",
                            "tags.%": "5",
                            "tags.Name": "kubernetes-dynamic-pvc-56877821-5428-11ea-9748-026f78358f6c",
                            "tags.kubernetes.io/cluster/m4je2o0jwty6e": "owned",
                            "tags.kubernetes.io/created-for/pv/name": "pvc-56877821-5428-11ea-9748-026f78358f6c",
                            "tags.kubernetes.io/created-for/pvc/name": "monitor-grafana",
                            "tags.kubernetes.io/created-for/pvc/namespace": "pipeline-system",
                            "type": "gp2"
                        },
                        "meta": {
                            "schema_version": 0
                        },
                        "tainted": false
                    },
                    "deposed": [],
                    "provider": "provider.aws"
                },
                "aws_ebs_volume.tfer--vol-002D-099bb5d3047a27940": {
                    "type": "aws_ebs_volume",
                    "depends_on": [],
                    "primary": {
                        "id": "vol-099bb5d3047a27940",
                        "attributes": {
                            "arn": "arn:aws:ec2:us-east-2:377481363432:volume/vol-099bb5d3047a27940",
                            "availability_zone": "us-east-2a",
                            "encrypted": "false",
                            "id": "vol-099bb5d3047a27940",
                            "iops": "300",
                            "kms_key_id": "",
                            "size": "100",
                            "snapshot_id": "",
                            "tags.%": "5",
                            "tags.Name": "kubernetes-dynamic-pvc-60afb6e1-5428-11ea-9748-026f78358f6c",
                            "tags.kubernetes.io/cluster/m4je2o0jwty6e": "owned",
                            "tags.kubernetes.io/created-for/pv/name": "pvc-60afb6e1-5428-11ea-9748-026f78358f6c",
                            "tags.kubernetes.io/created-for/pvc/name": "prometheus-monitor-prometheus-operato-prometheus-db-prometheus-monitor-prometheus-operato-prometheus-0",
                            "tags.kubernetes.io/created-for/pvc/namespace": "pipeline-system",
                            "type": "gp2"
                        },
                        "meta": {
                            "schema_version": 0
                        },
                        "tainted": false
                    },
                    "deposed": [],
                    "provider": "provider.aws"
                },
                "aws_ebs_volume.tfer--vol-002D-0b8ac7033481d4b11": {
                    "type": "aws_ebs_volume",
                    "depends_on": [],
                    "primary": {
                        "id": "vol-0b8ac7033481d4b11",
                        "attributes": {
                            "arn": "arn:aws:ec2:us-east-2:377481363432:volume/vol-0b8ac7033481d4b11",
                            "availability_zone": "us-east-2a",
                            "encrypted": "false",
                            "id": "vol-0b8ac7033481d4b11",
                            "iops": "100",
                            "kms_key_id": "",
                            "size": "20",
                            "snapshot_id": "",
                            "tags.%": "5",
                            "tags.Name": "kubernetes-dynamic-pvc-41bf02f7-5440-11ea-9748-026f78358f6c",
                            "tags.kubernetes.io/cluster/m4je2o0jwty6e": "owned",
                            "tags.kubernetes.io/created-for/pv/name": "pvc-41bf02f7-5440-11ea-9748-026f78358f6c",
                            "tags.kubernetes.io/created-for/pvc/name": "banzai-logging-fluentd-buffer-banzai-logging-fluentd-0",
                            "tags.kubernetes.io/created-for/pvc/namespace": "pipeline-system",
                            "type": "gp2"
                        },
                        "meta": {
                            "schema_version": 0
                        },
                        "tainted": false
                    },
                    "deposed": [],
                    "provider": "provider.aws"
                },
                "aws_eip.tfer--eipalloc-002D-0f213ea1603bd5b3f": {
                    "type": "aws_eip",
                    "depends_on": [],
                    "primary": {
                        "id": "eipalloc-0f213ea1603bd5b3f",
                        "attributes": {
                            "association_id": "",
                            "domain": "vpc",
                            "id": "eipalloc-0f213ea1603bd5b3f",
                            "instance": "",
                            "network_interface": "",
                            "private_ip": "",
                            "public_dns": "ec2-3-21-32-2.us-east-2.compute.amazonaws.com",
                            "public_ip": "3.21.32.2",
                            "public_ipv4_pool": "amazon",
                            "tags.%": "2",
                            "tags.Name": "vpc-cloudskiff-us-east-2a",
                            "tags.kubernetes.io/cluster/eks-vsjd36IH": "owned",
                            "vpc": "true"
                        },
                        "meta": {
                            "schema_version": 0
                        },
                        "tainted": false
                    },
                    "deposed": [],
                    "provider": "provider.aws"
                },
                "aws_eks_cluster.tfer--m4je2o0jwty6e": {
                    "type": "aws_eks_cluster",
                    "depends_on": [],
                    "primary": {
                        "id": "m4je2o0jwty6e",
                        "attributes": {
                            "arn": "arn:aws:eks:us-east-2:377481363432:cluster/m4je2o0jwty6e",
                            "certificate_authority.#": "1",
                            "certificate_authority.0.data": "LS0tLS1CRUdJTiBDRVJUSUZJQ0FURS0tLS0tCk1JSUN5RENDQWJDZ0F3SUJBZ0lCQURBTkJna3Foa2lHOXcwQkFRc0ZBREFWTVJNd0VRWURWUVFERXdwcmRXSmwKY201bGRHVnpNQjRYRFRJd01ESXlNREl4TVRReU0xb1hEVE13TURJeE56SXhNVFF5TTFvd0ZURVRNQkVHQTFVRQpBeE1LYTNWaVpYSnVaWFJsY3pDQ0FTSXdEUVlKS29aSWh2Y05BUUVCQlFBRGdnRVBBRENDQVFvQ2dnRUJBTXRQCmc0N3AwSWRDQ05xbExWOEVUZW5tY05yRWdJb1hSUmxvVlVvdGZla3BnSmRaakxXUERSanI0UzVuQ3FpRFl5ZE4KRU1GQk94SjBpVjlXRFhSdlFIWkh0YWVLYkQ4c0ZiTmxib1BQbHZxcFlzSit0ZmU0TnNHd3ZhVWplaUorQkpuagpudzNtTk9qQlVwYWpRM2tiNzJhQnRzblhaalFMcEg1czZyRHpCUldWdkRqTjFiR2Z2TVkwV0pjNFR5Y0UrWWVuCncrKythN0pQWkIyaHBxbVNaYzNEaWdOakM5eEp0ZDRtc0NMaXZuK3A2dXpud2lRaVNUUzNrMVBVY05Ea3FYSjAKQkRQL0pGYzczdWk2dkx3dEwwa04rTndwcWpuYlhHK1o1TXE3c0I1Rmpna2tWWlFHdjhoOERWWnRIenJVcVUweQp4R29aTkpJeVc2cGxEd1RJTTVrQ0F3RUFBYU1qTUNFd0RnWURWUjBQQVFIL0JBUURBZ0trTUE4R0ExVWRFd0VCCi93UUZNQU1CQWY4d0RRWUpLb1pJaHZjTkFRRUxCUUFEZ2dFQkFEZ01DVDI0MGwrSUtiM0laVGRJeTFwTkhKMWMKTnZVMXM4UWlZYWhkdmRkYUxkcy9GUGlub1Q1R3M4c0FhTzdBK0g2VnRVemRnZ0RMVVNmVCtlN3FFTGlMTm9FWgp0aDMyM2UwazJWMm5BNXJldERVZWgwWmZMY2dYTU9qUTN5eGhRT25YWTg3UTNGRkdJWEI4QjhKcDFWNk5yTkwvCk1lajhETW12MnJFUnhzYXJ3ZlgraTVKaCtvY3lhQWpsMjk0RlFTcHNZbkYwNi9PWG1BVkpsVEhpak1KRWlMNEMKNjVEWFhCUzhFWU1NV3pocC9YSTNQQlNVbWFyQm5kZXpTVHpWbHJpSUZTSkgxR3hkNzFrN1VYa044ZXFHK0pVcQoyd2RrczRsYmhKNktrR2FnY0R0VFRiSWsreldtU3h3TDBmcTAyM0dmV1VOTUdma3VOZ2tUS2hEbXRhcz0KLS0tLS1FTkQgQ0VSVElGSUNBVEUtLS0tLQo=",
                            "created_at": "2020-02-20 21:07:27 +0000 UTC",
                            "enabled_cluster_log_types.#": "0",
                            "endpoint": "https://8793A50E7C851A94E6C0ACE734A2DDA2.gr7.us-east-2.eks.amazonaws.com",
                            "id": "m4je2o0jwty6e",
                            "identity.#": "1",
                            "identity.0.oidc.#": "1",
                            "identity.0.oidc.0.issuer": "https://oidc.eks.us-east-2.amazonaws.com/id/8793A50E7C851A94E6C0ACE734A2DDA2",
                            "name": "m4je2o0jwty6e",
                            "platform_version": "eks.7",
                            "role_arn": "arn:aws:iam::377481363432:role/pipeline-eks-iam-m4je2o0jwty6e-ClusterRole-NXW9OZ2CSKQ",
                            "status": "ACTIVE",
                            "tags.%": "2",
                            "tags.banzaicloud-pipeline-managed": "true",
                            "tags.banzaicloud-pipeline-uuid": "e9f93691-caef-4f62-93c3-fc735a79beb5",
                            "version": "1.14",
                            "vpc_config.#": "1",
                            "vpc_config.0.cluster_security_group_id": "sg-06a9e9262f8df4d41",
                            "vpc_config.0.endpoint_private_access": "true",
                            "vpc_config.0.endpoint_public_access": "true",
                            "vpc_config.0.public_access_cidrs.#": "1",
                            "vpc_config.0.public_access_cidrs.0": "0.0.0.0/0",
                            "vpc_config.0.security_group_ids.#": "1",
                            "vpc_config.0.security_group_ids.0": "sg-0d55a6c7ed9fd45ec",
                            "vpc_config.0.subnet_ids.#": "2",
                            "vpc_config.0.subnet_ids.0": "subnet-0099b3ef85aa62e65",
                            "vpc_config.0.subnet_ids.1": "subnet-0dc298e7f9b88c2b0",
                            "vpc_config.0.vpc_id": "vpc-063de654fdde6412d"
                        },
                        "meta": {
                            "schema_version": 0
                        },
                        "tainted": false
                    },
                    "deposed": [],
                    "provider": "provider.aws"
                },
                "aws_elb.tfer--a07778a04542711ea9748026f78358f6": {
                    "type": "aws_elb",
                    "depends_on": [],
                    "primary": {
                        "id": "a07778a04542711ea9748026f78358f6",
                        "attributes": {
                            "access_logs.#": "0",
                            "arn": "arn:aws:elasticloadbalancing:us-east-2:377481363432:loadbalancer/a07778a04542711ea9748026f78358f6",
                            "availability_zones.#": "2",
                            "availability_zones.0": "us-east-2a",
                            "availability_zones.1": "us-east-2b",
                            "connection_draining": "false",
                            "connection_draining_timeout": "300",
                            "cross_zone_load_balancing": "false",
                            "dns_name": "a07778a04542711ea9748026f78358f6-84074460.us-east-2.elb.amazonaws.com",
                            "health_check.#": "1",
                            "health_check.0.healthy_threshold": "2",
                            "health_check.0.interval": "10",
                            "health_check.0.target": "TCP:30409",
                            "health_check.0.timeout": "5",
                            "health_check.0.unhealthy_threshold": "6",
                            "id": "a07778a04542711ea9748026f78358f6",
                            "idle_timeout": "60",
                            "instances.#": "7",
                            "instances.0": "i-0dd80f4e6dbe7d032",
                            "instances.1": "i-0e29d1a8ca2a8855a",
                            "instances.2": "i-0f4e40488601b1dba",
                            "instances.3": "i-0f8c034f1b7907a72",
                            "instances.4": "i-0fb37c5b2c57af3df",
                            "instances.5": "i-0fcbd8773f620361b",
                            "instances.6": "i-0fde9d1f425d64b09",
                            "internal": "false",
                            "listener.#": "3",
                            "listener.0.instance_port": "30409",
                            "listener.0.instance_protocol": "tcp",
                            "listener.0.lb_port": "80",
                            "listener.0.lb_protocol": "tcp",
                            "listener.0.ssl_certificate_id": "",
                            "listener.1.instance_port": "31568",
                            "listener.1.instance_protocol": "tcp",
                            "listener.1.lb_port": "443",
                            "listener.1.lb_protocol": "tcp",
                            "listener.1.ssl_certificate_id": "",
                            "listener.2.instance_port": "32116",
                            "listener.2.instance_protocol": "tcp",
                            "listener.2.lb_port": "8080",
                            "listener.2.lb_protocol": "tcp",
                            "listener.2.ssl_certificate_id": "",
                            "name": "a07778a04542711ea9748026f78358f6",
                            "security_groups.#": "1",
                            "security_groups.0": "sg-0842252e2a1872246",
                            "source_security_group": "377481363432/k8s-elb-a07778a04542711ea9748026f78358f6",
                            "source_security_group_id": "sg-0842252e2a1872246",
                            "subnets.#": "2",
                            "subnets.0": "subnet-0099b3ef85aa62e65",
                            "subnets.1": "subnet-0dc298e7f9b88c2b0",
                            "tags.%": "4",
                            "tags.banzaicloud-pipeline-managed": "true",
                            "tags.banzaicloud-pipeline-uuid": "e9f93691-caef-4f62-93c3-fc735a79beb5",
                            "tags.kubernetes.io/cluster/m4je2o0jwty6e": "owned",
                            "tags.kubernetes.io/service-name": "pipeline-system/ingress-traefik",
                            "zone_id": "Z3AADJGX6KTTL2"
                        },
                        "meta": {
                            "schema_version": 0
                        },
                        "tainted": false
                    },
                    "deposed": [],
                    "provider": "provider.aws"
                },
                "aws_elb.tfer--ad33b183a545311ea9748026f78358f6": {
                    "type": "aws_elb",
                    "depends_on": [],
                    "primary": {
                        "id": "ad33b183a545311ea9748026f78358f6",
                        "attributes": {
                            "access_logs.#": "0",
                            "arn": "arn:aws:elasticloadbalancing:us-east-2:377481363432:loadbalancer/ad33b183a545311ea9748026f78358f6",
                            "availability_zones.#": "2",
                            "availability_zones.0": "us-east-2a",
                            "availability_zones.1": "us-east-2b",
                            "connection_draining": "false",
                            "connection_draining_timeout": "300",
                            "cross_zone_load_balancing": "false",
                            "dns_name": "ad33b183a545311ea9748026f78358f6-700551273.us-east-2.elb.amazonaws.com",
                            "health_check.#": "1",
                            "health_check.0.healthy_threshold": "2",
                            "health_check.0.interval": "10",
                            "health_check.0.target": "TCP:31657",
                            "health_check.0.timeout": "5",
                            "health_check.0.unhealthy_threshold": "6",
                            "id": "ad33b183a545311ea9748026f78358f6",
                            "idle_timeout": "60",
                            "instances.#": "7",
                            "instances.0": "i-0dd80f4e6dbe7d032",
                            "instances.1": "i-0e29d1a8ca2a8855a",
                            "instances.2": "i-0f4e40488601b1dba",
                            "instances.3": "i-0f8c034f1b7907a72",
                            "instances.4": "i-0fb37c5b2c57af3df",
                            "instances.5": "i-0fcbd8773f620361b",
                            "instances.6": "i-0fde9d1f425d64b09",
                            "internal": "false",
                            "listener.#": "1",
                            "listener.0.instance_port": "31657",
                            "listener.0.instance_protocol": "tcp",
                            "listener.0.lb_port": "80",
                            "listener.0.lb_protocol": "tcp",
                            "listener.0.ssl_certificate_id": "",
                            "name": "ad33b183a545311ea9748026f78358f6",
                            "security_groups.#": "1",
                            "security_groups.0": "sg-04b7f27f357a7df34",
                            "source_security_group": "377481363432/k8s-elb-ad33b183a545311ea9748026f78358f6",
                            "source_security_group_id": "sg-04b7f27f357a7df34",
                            "subnets.#": "2",
                            "subnets.0": "subnet-0099b3ef85aa62e65",
                            "subnets.1": "subnet-0dc298e7f9b88c2b0",
                            "tags.%": "2",
                            "tags.kubernetes.io/cluster/m4je2o0jwty6e": "owned",
                            "tags.kubernetes.io/service-name": "default/web1",
                            "zone_id": "Z3AADJGX6KTTL2"
                        },
                        "meta": {
                            "schema_version": 0
                        },
                        "tainted": false
                    },
                    "deposed": [],
                    "provider": "provider.aws"
                },
                "aws_instance.tfer--i-002D-0dd80f4e6dbe7d032_m4je2o0jwty6e-002D-pool1": {
                    "type": "aws_instance",
                    "depends_on": [],
                    "primary": {
                        "id": "i-0dd80f4e6dbe7d032",
                        "attributes": {
                            "ami": "ami-053250833d1030033",
                            "arn": "arn:aws:ec2:us-east-2:377481363432:instance/i-0dd80f4e6dbe7d032",
                            "associate_public_ip_address": "true",
                            "availability_zone": "us-east-2a",
                            "cpu_core_count": "1",
                            "cpu_threads_per_core": "2",
                            "disable_api_termination": "false",
                            "ebs_block_device.#": "0",
                            "ebs_optimized": "false",
                            "ephemeral_block_device.#": "0",
                            "get_password_data": "false",
                            "iam_instance_profile": "pipeline-eks-nodepool-m4je2o0jwty6e-pool1-NodeInstanceProfile-18SB9NE52VL88",
                            "id": "i-0dd80f4e6dbe7d032",
                            "instance_state": "running",
                            "instance_type": "r4.large",
                            "ipv6_address_count": "0",
                            "ipv6_addresses.#": "0",
                            "key_name": "pipeline-eks-ssh-m4je2o0jwty6e",
                            "monitoring": "true",
                            "network_interface.#": "0",
                            "password_data": "",
                            "placement_group": "",
                            "primary_network_interface_id": "eni-03e8528a4914d4e56",
                            "private_dns": "ip-192-168-79-228.us-east-2.compute.internal",
                            "private_ip": "192.168.79.228",
                            "public_dns": "ec2-3-133-111-148.us-east-2.compute.amazonaws.com",
                            "public_ip": "3.133.111.148",
                            "root_block_device.#": "1",
                            "root_block_device.0.delete_on_termination": "true",
                            "root_block_device.0.encrypted": "false",
                            "root_block_device.0.iops": "100",
                            "root_block_device.0.kms_key_id": "",
                            "root_block_device.0.volume_id": "vol-0bbdb2d8aeaecb598",
                            "root_block_device.0.volume_size": "20",
                            "root_block_device.0.volume_type": "gp2",
                            "security_groups.#": "0",
                            "source_dest_check": "true",
                            "subnet_id": "subnet-0dc298e7f9b88c2b0",
                            "tags.%": "6",
                            "tags.Name": "m4je2o0jwty6e-pool1",
                            "tags.banzaicloud-pipeline-cluster-name": "m4je2o0jwty6e",
                            "tags.banzaicloud-pipeline-managed": "true",
                            "tags.banzaicloud-pipeline-stack-type": "nodepool",
                            "tags.banzaicloud-pipeline-uuid": "e9f93691-caef-4f62-93c3-fc735a79beb5",
                            "tags.kubernetes.io/cluster/m4je2o0jwty6e": "owned",
                            "tenancy": "default",
                            "user_data_base64": "IyEvYmluL2Jhc2gKc2V0IC1vIHh0cmFjZQovZXRjL2Vrcy9ib290c3RyYXAuc2ggbTRqZTJvMGp3dHk2ZSAtLWt1YmVsZXQtZXh0cmEtYXJncyAnLS1ub2RlLWxhYmVscyBub2RlcG9vbC5iYW56YWljbG91ZC5pby9uYW1lPXBvb2wxJwovb3B0L2F3cy9iaW4vY2ZuLXNpZ25hbCAtLWV4aXQtY29kZSAkPyBcCiAgICAgICAgIC0tc3RhY2sgIHBpcGVsaW5lLWVrcy1ub2RlcG9vbC1tNGplMm8wand0eTZlLXBvb2wxIFwKICAgICAgICAgLS1yZXNvdXJjZSBOb2RlR3JvdXAgIFwKICAgICAgICAgLS1yZWdpb24gdXMtZWFzdC0yCg==",
                            "volume_tags.%": "0",
                            "vpc_security_group_ids.#": "1",
                            "vpc_security_group_ids.0": "sg-007d703253c235022"
                        },
                        "meta": {
                            "schema_version": 1
                        },
                        "tainted": false
                    },
                    "deposed": [],
                    "provider": "provider.aws"
                },
                "aws_instance.tfer--i-002D-0e29d1a8ca2a8855a_m4je2o0jwty6e-002D-pool1": {
                    "type": "aws_instance",
                    "depends_on": [],
                    "primary": {
                        "id": "i-0e29d1a8ca2a8855a",
                        "attributes": {
                            "ami": "ami-053250833d1030033",
                            "arn": "arn:aws:ec2:us-east-2:377481363432:instance/i-0e29d1a8ca2a8855a",
                            "associate_public_ip_address": "true",
                            "availability_zone": "us-east-2a",
                            "cpu_core_count": "1",
                            "cpu_threads_per_core": "2",
                            "disable_api_termination": "false",
                            "ebs_block_device.#": "0",
                            "ebs_optimized": "false",
                            "ephemeral_block_device.#": "0",
                            "get_password_data": "false",
                            "iam_instance_profile": "pipeline-eks-nodepool-m4je2o0jwty6e-pool1-NodeInstanceProfile-18SB9NE52VL88",
                            "id": "i-0e29d1a8ca2a8855a",
                            "instance_state": "running",
                            "instance_type": "r4.large",
                            "ipv6_address_count": "0",
                            "ipv6_addresses.#": "0",
                            "key_name": "pipeline-eks-ssh-m4je2o0jwty6e",
                            "monitoring": "true",
                            "network_interface.#": "0",
                            "password_data": "",
                            "placement_group": "",
                            "primary_network_interface_id": "eni-021979cf1571aceb3",
                            "private_dns": "ip-192-168-77-31.us-east-2.compute.internal",
                            "private_ip": "192.168.77.31",
                            "public_dns": "ec2-3-15-214-220.us-east-2.compute.amazonaws.com",
                            "public_ip": "3.15.214.220",
                            "root_block_device.#": "1",
                            "root_block_device.0.delete_on_termination": "true",
                            "root_block_device.0.encrypted": "false",
                            "root_block_device.0.iops": "100",
                            "root_block_device.0.kms_key_id": "",
                            "root_block_device.0.volume_id": "vol-0cd7b19cb6724e47d",
                            "root_block_device.0.volume_size": "20",
                            "root_block_device.0.volume_type": "gp2",
                            "security_groups.#": "0",
                            "source_dest_check": "true",
                            "subnet_id": "subnet-0dc298e7f9b88c2b0",
                            "tags.%": "6",
                            "tags.Name": "m4je2o0jwty6e-pool1",
                            "tags.banzaicloud-pipeline-cluster-name": "m4je2o0jwty6e",
                            "tags.banzaicloud-pipeline-managed": "true",
                            "tags.banzaicloud-pipeline-stack-type": "nodepool",
                            "tags.banzaicloud-pipeline-uuid": "e9f93691-caef-4f62-93c3-fc735a79beb5",
                            "tags.kubernetes.io/cluster/m4je2o0jwty6e": "owned",
                            "tenancy": "default",
                            "user_data_base64": "IyEvYmluL2Jhc2gKc2V0IC1vIHh0cmFjZQovZXRjL2Vrcy9ib290c3RyYXAuc2ggbTRqZTJvMGp3dHk2ZSAtLWt1YmVsZXQtZXh0cmEtYXJncyAnLS1ub2RlLWxhYmVscyBub2RlcG9vbC5iYW56YWljbG91ZC5pby9uYW1lPXBvb2wxJwovb3B0L2F3cy9iaW4vY2ZuLXNpZ25hbCAtLWV4aXQtY29kZSAkPyBcCiAgICAgICAgIC0tc3RhY2sgIHBpcGVsaW5lLWVrcy1ub2RlcG9vbC1tNGplMm8wand0eTZlLXBvb2wxIFwKICAgICAgICAgLS1yZXNvdXJjZSBOb2RlR3JvdXAgIFwKICAgICAgICAgLS1yZWdpb24gdXMtZWFzdC0yCg==",
                            "volume_tags.%": "0",
                            "vpc_security_group_ids.#": "1",
                            "vpc_security_group_ids.0": "sg-007d703253c235022"
                        },
                        "meta": {
                            "schema_version": 1
                        },
                        "tainted": false
                    },
                    "deposed": [],
                    "provider": "provider.aws"
                },
                "aws_instance.tfer--i-002D-0f4e40488601b1dba_m4je2o0jwty6e-002D-pool1": {
                    "type": "aws_instance",
                    "depends_on": [],
                    "primary": {
                        "id": "i-0f4e40488601b1dba",
                        "attributes": {
                            "ami": "ami-053250833d1030033",
                            "arn": "arn:aws:ec2:us-east-2:377481363432:instance/i-0f4e40488601b1dba",
                            "associate_public_ip_address": "true",
                            "availability_zone": "us-east-2a",
                            "cpu_core_count": "1",
                            "cpu_threads_per_core": "2",
                            "disable_api_termination": "false",
                            "ebs_block_device.#": "1",
                            "ebs_block_device.0.delete_on_termination": "false",
                            "ebs_block_device.0.device_name": "/dev/xvdce",
                            "ebs_block_device.0.encrypted": "false",
                            "ebs_block_device.0.iops": "100",
                            "ebs_block_device.0.kms_key_id": "",
                            "ebs_block_device.0.snapshot_id": "",
                            "ebs_block_device.0.volume_id": "vol-03521e31c017cb57b",
                            "ebs_block_device.0.volume_size": "10",
                            "ebs_block_device.0.volume_type": "gp2",
                            "ebs_optimized": "false",
                            "ephemeral_block_device.#": "0",
                            "get_password_data": "false",
                            "iam_instance_profile": "pipeline-eks-nodepool-m4je2o0jwty6e-pool1-NodeInstanceProfile-18SB9NE52VL88",
                            "id": "i-0f4e40488601b1dba",
                            "instance_state": "running",
                            "instance_type": "r4.large",
                            "ipv6_address_count": "0",
                            "ipv6_addresses.#": "0",
                            "key_name": "pipeline-eks-ssh-m4je2o0jwty6e",
                            "monitoring": "true",
                            "network_interface.#": "0",
                            "password_data": "",
                            "placement_group": "",
                            "primary_network_interface_id": "eni-0273cd17f8334d272",
                            "private_dns": "ip-192-168-77-174.us-east-2.compute.internal",
                            "private_ip": "192.168.77.174",
                            "public_dns": "ec2-18-191-4-66.us-east-2.compute.amazonaws.com",
                            "public_ip": "18.191.4.66",
                            "root_block_device.#": "1",
                            "root_block_device.0.delete_on_termination": "true",
                            "root_block_device.0.encrypted": "false",
                            "root_block_device.0.iops": "100",
                            "root_block_device.0.kms_key_id": "",
                            "root_block_device.0.volume_id": "vol-00e1965596e997963",
                            "root_block_device.0.volume_size": "20",
                            "root_block_device.0.volume_type": "gp2",
                            "security_groups.#": "0",
                            "source_dest_check": "true",
                            "subnet_id": "subnet-0dc298e7f9b88c2b0",
                            "tags.%": "6",
                            "tags.Name": "m4je2o0jwty6e-pool1",
                            "tags.banzaicloud-pipeline-cluster-name": "m4je2o0jwty6e",
                            "tags.banzaicloud-pipeline-managed": "true",
                            "tags.banzaicloud-pipeline-stack-type": "nodepool",
                            "tags.banzaicloud-pipeline-uuid": "e9f93691-caef-4f62-93c3-fc735a79beb5",
                            "tags.kubernetes.io/cluster/m4je2o0jwty6e": "owned",
                            "tenancy": "default",
                            "user_data_base64": "IyEvYmluL2Jhc2gKc2V0IC1vIHh0cmFjZQovZXRjL2Vrcy9ib290c3RyYXAuc2ggbTRqZTJvMGp3dHk2ZSAtLWt1YmVsZXQtZXh0cmEtYXJncyAnLS1ub2RlLWxhYmVscyBub2RlcG9vbC5iYW56YWljbG91ZC5pby9uYW1lPXBvb2wxJwovb3B0L2F3cy9iaW4vY2ZuLXNpZ25hbCAtLWV4aXQtY29kZSAkPyBcCiAgICAgICAgIC0tc3RhY2sgIHBpcGVsaW5lLWVrcy1ub2RlcG9vbC1tNGplMm8wand0eTZlLXBvb2wxIFwKICAgICAgICAgLS1yZXNvdXJjZSBOb2RlR3JvdXAgIFwKICAgICAgICAgLS1yZWdpb24gdXMtZWFzdC0yCg==",
                            "volume_tags.%": "5",
                            "volume_tags.Name": "kubernetes-dynamic-pvc-56877821-5428-11ea-9748-026f78358f6c",
                            "volume_tags.kubernetes.io/cluster/m4je2o0jwty6e": "owned",
                            "volume_tags.kubernetes.io/created-for/pv/name": "pvc-56877821-5428-11ea-9748-026f78358f6c",
                            "volume_tags.kubernetes.io/created-for/pvc/name": "monitor-grafana",
                            "volume_tags.kubernetes.io/created-for/pvc/namespace": "pipeline-system",
                            "vpc_security_group_ids.#": "1",
                            "vpc_security_group_ids.0": "sg-007d703253c235022"
                        },
                        "meta": {
                            "schema_version": 1
                        },
                        "tainted": false
                    },
                    "deposed": [],
                    "provider": "provider.aws"
                },
                "aws_instance.tfer--i-002D-0f8c034f1b7907a72_m4je2o0jwty6e-002D-pool1": {
                    "type": "aws_instance",
                    "depends_on": [],
                    "primary": {
                        "id": "i-0f8c034f1b7907a72",
                        "attributes": {
                            "ami": "ami-053250833d1030033",
                            "arn": "arn:aws:ec2:us-east-2:377481363432:instance/i-0f8c034f1b7907a72",
                            "associate_public_ip_address": "true",
                            "availability_zone": "us-east-2a",
                            "cpu_core_count": "1",
                            "cpu_threads_per_core": "2",
                            "disable_api_termination": "false",
                            "ebs_block_device.#": "0",
                            "ebs_optimized": "false",
                            "ephemeral_block_device.#": "0",
                            "get_password_data": "false",
                            "iam_instance_profile": "pipeline-eks-nodepool-m4je2o0jwty6e-pool1-NodeInstanceProfile-18SB9NE52VL88",
                            "id": "i-0f8c034f1b7907a72",
                            "instance_state": "running",
                            "instance_type": "r4.large",
                            "ipv6_address_count": "0",
                            "ipv6_addresses.#": "0",
                            "key_name": "pipeline-eks-ssh-m4je2o0jwty6e",
                            "monitoring": "true",
                            "network_interface.#": "0",
                            "password_data": "",
                            "placement_group": "",
                            "primary_network_interface_id": "eni-0635a8b6d6fd52509",
                            "private_dns": "ip-192-168-77-157.us-east-2.compute.internal",
                            "private_ip": "192.168.77.157",
                            "public_dns": "ec2-13-58-168-10.us-east-2.compute.amazonaws.com",
                            "public_ip": "13.58.168.10",
                            "root_block_device.#": "1",
                            "root_block_device.0.delete_on_termination": "true",
                            "root_block_device.0.encrypted": "false",
                            "root_block_device.0.iops": "100",
                            "root_block_device.0.kms_key_id": "",
                            "root_block_device.0.volume_id": "vol-02e28c11200556132",
                            "root_block_device.0.volume_size": "20",
                            "root_block_device.0.volume_type": "gp2",
                            "security_groups.#": "0",
                            "source_dest_check": "true",
                            "subnet_id": "subnet-0dc298e7f9b88c2b0",
                            "tags.%": "6",
                            "tags.Name": "m4je2o0jwty6e-pool1",
                            "tags.banzaicloud-pipeline-cluster-name": "m4je2o0jwty6e",
                            "tags.banzaicloud-pipeline-managed": "true",
                            "tags.banzaicloud-pipeline-stack-type": "nodepool",
                            "tags.banzaicloud-pipeline-uuid": "e9f93691-caef-4f62-93c3-fc735a79beb5",
                            "tags.kubernetes.io/cluster/m4je2o0jwty6e": "owned",
                            "tenancy": "default",
                            "user_data_base64": "IyEvYmluL2Jhc2gKc2V0IC1vIHh0cmFjZQovZXRjL2Vrcy9ib290c3RyYXAuc2ggbTRqZTJvMGp3dHk2ZSAtLWt1YmVsZXQtZXh0cmEtYXJncyAnLS1ub2RlLWxhYmVscyBub2RlcG9vbC5iYW56YWljbG91ZC5pby9uYW1lPXBvb2wxJwovb3B0L2F3cy9iaW4vY2ZuLXNpZ25hbCAtLWV4aXQtY29kZSAkPyBcCiAgICAgICAgIC0tc3RhY2sgIHBpcGVsaW5lLWVrcy1ub2RlcG9vbC1tNGplMm8wand0eTZlLXBvb2wxIFwKICAgICAgICAgLS1yZXNvdXJjZSBOb2RlR3JvdXAgIFwKICAgICAgICAgLS1yZWdpb24gdXMtZWFzdC0yCg==",
                            "volume_tags.%": "0",
                            "vpc_security_group_ids.#": "1",
                            "vpc_security_group_ids.0": "sg-007d703253c235022"
                        },
                        "meta": {
                            "schema_version": 1
                        },
                        "tainted": false
                    },
                    "deposed": [],
                    "provider": "provider.aws"
                },
                "aws_instance.tfer--i-002D-0fb37c5b2c57af3df_m4je2o0jwty6e-002D-pool1": {
                    "type": "aws_instance",
                    "depends_on": [],
                    "primary": {
                        "id": "i-0fb37c5b2c57af3df",
                        "attributes": {
                            "ami": "ami-053250833d1030033",
                            "arn": "arn:aws:ec2:us-east-2:377481363432:instance/i-0fb37c5b2c57af3df",
                            "associate_public_ip_address": "true",
                            "availability_zone": "us-east-2a",
                            "cpu_core_count": "1",
                            "cpu_threads_per_core": "2",
                            "disable_api_termination": "false",
                            "ebs_block_device.#": "1",
                            "ebs_block_device.0.delete_on_termination": "false",
                            "ebs_block_device.0.device_name": "/dev/xvdcm",
                            "ebs_block_device.0.encrypted": "false",
                            "ebs_block_device.0.iops": "300",
                            "ebs_block_device.0.kms_key_id": "",
                            "ebs_block_device.0.snapshot_id": "",
                            "ebs_block_device.0.volume_id": "vol-099bb5d3047a27940",
                            "ebs_block_device.0.volume_size": "100",
                            "ebs_block_device.0.volume_type": "gp2",
                            "ebs_optimized": "false",
                            "ephemeral_block_device.#": "0",
                            "get_password_data": "false",
                            "iam_instance_profile": "pipeline-eks-nodepool-m4je2o0jwty6e-pool1-NodeInstanceProfile-18SB9NE52VL88",
                            "id": "i-0fb37c5b2c57af3df",
                            "instance_state": "running",
                            "instance_type": "r4.large",
                            "ipv6_address_count": "0",
                            "ipv6_addresses.#": "0",
                            "key_name": "pipeline-eks-ssh-m4je2o0jwty6e",
                            "monitoring": "true",
                            "network_interface.#": "0",
                            "password_data": "",
                            "placement_group": "",
                            "primary_network_interface_id": "eni-08c41abe7515b2e10",
                            "private_dns": "ip-192-168-65-203.us-east-2.compute.internal",
                            "private_ip": "192.168.65.203",
                            "public_dns": "ec2-18-191-90-100.us-east-2.compute.amazonaws.com",
                            "public_ip": "18.191.90.100",
                            "root_block_device.#": "1",
                            "root_block_device.0.delete_on_termination": "true",
                            "root_block_device.0.encrypted": "false",
                            "root_block_device.0.iops": "100",
                            "root_block_device.0.kms_key_id": "",
                            "root_block_device.0.volume_id": "vol-0ff5c498884d2d650",
                            "root_block_device.0.volume_size": "20",
                            "root_block_device.0.volume_type": "gp2",
                            "security_groups.#": "0",
                            "source_dest_check": "true",
                            "subnet_id": "subnet-0dc298e7f9b88c2b0",
                            "tags.%": "6",
                            "tags.Name": "m4je2o0jwty6e-pool1",
                            "tags.banzaicloud-pipeline-cluster-name": "m4je2o0jwty6e",
                            "tags.banzaicloud-pipeline-managed": "true",
                            "tags.banzaicloud-pipeline-stack-type": "nodepool",
                            "tags.banzaicloud-pipeline-uuid": "e9f93691-caef-4f62-93c3-fc735a79beb5",
                            "tags.kubernetes.io/cluster/m4je2o0jwty6e": "owned",
                            "tenancy": "default",
                            "user_data_base64": "IyEvYmluL2Jhc2gKc2V0IC1vIHh0cmFjZQovZXRjL2Vrcy9ib290c3RyYXAuc2ggbTRqZTJvMGp3dHk2ZSAtLWt1YmVsZXQtZXh0cmEtYXJncyAnLS1ub2RlLWxhYmVscyBub2RlcG9vbC5iYW56YWljbG91ZC5pby9uYW1lPXBvb2wxJwovb3B0L2F3cy9iaW4vY2ZuLXNpZ25hbCAtLWV4aXQtY29kZSAkPyBcCiAgICAgICAgIC0tc3RhY2sgIHBpcGVsaW5lLWVrcy1ub2RlcG9vbC1tNGplMm8wand0eTZlLXBvb2wxIFwKICAgICAgICAgLS1yZXNvdXJjZSBOb2RlR3JvdXAgIFwKICAgICAgICAgLS1yZWdpb24gdXMtZWFzdC0yCg==",
                            "volume_tags.%": "5",
                            "volume_tags.Name": "kubernetes-dynamic-pvc-60afb6e1-5428-11ea-9748-026f78358f6c",
                            "volume_tags.kubernetes.io/cluster/m4je2o0jwty6e": "owned",
                            "volume_tags.kubernetes.io/created-for/pv/name": "pvc-60afb6e1-5428-11ea-9748-026f78358f6c",
                            "volume_tags.kubernetes.io/created-for/pvc/name": "prometheus-monitor-prometheus-operato-prometheus-db-prometheus-monitor-prometheus-operato-prometheus-0",
                            "volume_tags.kubernetes.io/created-for/pvc/namespace": "pipeline-system",
                            "vpc_security_group_ids.#": "1",
                            "vpc_security_group_ids.0": "sg-007d703253c235022"
                        },
                        "meta": {
                            "schema_version": 1
                        },
                        "tainted": false
                    },
                    "deposed": [],
                    "provider": "provider.aws"
                },
                "aws_instance.tfer--i-002D-0fcbd8773f620361b_m4je2o0jwty6e-002D-pool1": {
                    "type": "aws_instance",
                    "depends_on": [],
                    "primary": {
                        "id": "i-0fcbd8773f620361b",
                        "attributes": {
                            "ami": "ami-053250833d1030033",
                            "arn": "arn:aws:ec2:us-east-2:377481363432:instance/i-0fcbd8773f620361b",
                            "associate_public_ip_address": "true",
                            "availability_zone": "us-east-2a",
                            "cpu_core_count": "1",
                            "cpu_threads_per_core": "2",
                            "disable_api_termination": "false",
                            "ebs_block_device.#": "1",
                            "ebs_block_device.0.delete_on_termination": "false",
                            "ebs_block_device.0.device_name": "/dev/xvdbg",
                            "ebs_block_device.0.encrypted": "false",
                            "ebs_block_device.0.iops": "100",
                            "ebs_block_device.0.kms_key_id": "",
                            "ebs_block_device.0.snapshot_id": "",
                            "ebs_block_device.0.volume_id": "vol-0b8ac7033481d4b11",
                            "ebs_block_device.0.volume_size": "20",
                            "ebs_block_device.0.volume_type": "gp2",
                            "ebs_optimized": "false",
                            "ephemeral_block_device.#": "0",
                            "get_password_data": "false",
                            "iam_instance_profile": "pipeline-eks-nodepool-m4je2o0jwty6e-pool1-NodeInstanceProfile-18SB9NE52VL88",
                            "id": "i-0fcbd8773f620361b",
                            "instance_state": "running",
                            "instance_type": "r4.large",
                            "ipv6_address_count": "0",
                            "ipv6_addresses.#": "0",
                            "key_name": "pipeline-eks-ssh-m4je2o0jwty6e",
                            "monitoring": "true",
                            "network_interface.#": "0",
                            "password_data": "",
                            "placement_group": "",
                            "primary_network_interface_id": "eni-0881c81bbe323391d",
                            "private_dns": "ip-192-168-75-109.us-east-2.compute.internal",
                            "private_ip": "192.168.75.109",
                            "public_dns": "ec2-52-15-97-224.us-east-2.compute.amazonaws.com",
                            "public_ip": "52.15.97.224",
                            "root_block_device.#": "1",
                            "root_block_device.0.delete_on_termination": "true",
                            "root_block_device.0.encrypted": "false",
                            "root_block_device.0.iops": "100",
                            "root_block_device.0.kms_key_id": "",
                            "root_block_device.0.volume_id": "vol-0a3e79c2570048ace",
                            "root_block_device.0.volume_size": "20",
                            "root_block_device.0.volume_type": "gp2",
                            "security_groups.#": "0",
                            "source_dest_check": "true",
                            "subnet_id": "subnet-0dc298e7f9b88c2b0",
                            "tags.%": "6",
                            "tags.Name": "m4je2o0jwty6e-pool1",
                            "tags.banzaicloud-pipeline-cluster-name": "m4je2o0jwty6e",
                            "tags.banzaicloud-pipeline-managed": "true",
                            "tags.banzaicloud-pipeline-stack-type": "nodepool",
                            "tags.banzaicloud-pipeline-uuid": "e9f93691-caef-4f62-93c3-fc735a79beb5",
                            "tags.kubernetes.io/cluster/m4je2o0jwty6e": "owned",
                            "tenancy": "default",
                            "user_data_base64": "IyEvYmluL2Jhc2gKc2V0IC1vIHh0cmFjZQovZXRjL2Vrcy9ib290c3RyYXAuc2ggbTRqZTJvMGp3dHk2ZSAtLWt1YmVsZXQtZXh0cmEtYXJncyAnLS1ub2RlLWxhYmVscyBub2RlcG9vbC5iYW56YWljbG91ZC5pby9uYW1lPXBvb2wxJwovb3B0L2F3cy9iaW4vY2ZuLXNpZ25hbCAtLWV4aXQtY29kZSAkPyBcCiAgICAgICAgIC0tc3RhY2sgIHBpcGVsaW5lLWVrcy1ub2RlcG9vbC1tNGplMm8wand0eTZlLXBvb2wxIFwKICAgICAgICAgLS1yZXNvdXJjZSBOb2RlR3JvdXAgIFwKICAgICAgICAgLS1yZWdpb24gdXMtZWFzdC0yCg==",
                            "volume_tags.%": "5",
                            "volume_tags.Name": "kubernetes-dynamic-pvc-41bf02f7-5440-11ea-9748-026f78358f6c",
                            "volume_tags.kubernetes.io/cluster/m4je2o0jwty6e": "owned",
                            "volume_tags.kubernetes.io/created-for/pv/name": "pvc-41bf02f7-5440-11ea-9748-026f78358f6c",
                            "volume_tags.kubernetes.io/created-for/pvc/name": "banzai-logging-fluentd-buffer-banzai-logging-fluentd-0",
                            "volume_tags.kubernetes.io/created-for/pvc/namespace": "pipeline-system",
                            "vpc_security_group_ids.#": "1",
                            "vpc_security_group_ids.0": "sg-007d703253c235022"
                        },
                        "meta": {
                            "schema_version": 1
                        },
                        "tainted": false
                    },
                    "deposed": [],
                    "provider": "provider.aws"
                },
                "aws_instance.tfer--i-002D-0fde9d1f425d64b09_m4je2o0jwty6e-002D-pool1": {
                    "type": "aws_instance",
                    "depends_on": [],
                    "primary": {
                        "id": "i-0fde9d1f425d64b09",
                        "attributes": {
                            "ami": "ami-053250833d1030033",
                            "arn": "arn:aws:ec2:us-east-2:377481363432:instance/i-0fde9d1f425d64b09",
                            "associate_public_ip_address": "true",
                            "availability_zone": "us-east-2a",
                            "cpu_core_count": "1",
                            "cpu_threads_per_core": "2",
                            "disable_api_termination": "false",
                            "ebs_block_device.#": "0",
                            "ebs_optimized": "false",
                            "ephemeral_block_device.#": "0",
                            "get_password_data": "false",
                            "iam_instance_profile": "pipeline-eks-nodepool-m4je2o0jwty6e-pool1-NodeInstanceProfile-18SB9NE52VL88",
                            "id": "i-0fde9d1f425d64b09",
                            "instance_state": "running",
                            "instance_type": "r4.large",
                            "ipv6_address_count": "0",
                            "ipv6_addresses.#": "0",
                            "key_name": "pipeline-eks-ssh-m4je2o0jwty6e",
                            "monitoring": "true",
                            "network_interface.#": "0",
                            "password_data": "",
                            "placement_group": "",
                            "primary_network_interface_id": "eni-08726de920c4fc368",
                            "private_dns": "ip-192-168-75-133.us-east-2.compute.internal",
                            "private_ip": "192.168.75.133",
                            "public_dns": "ec2-13-58-57-4.us-east-2.compute.amazonaws.com",
                            "public_ip": "13.58.57.4",
                            "root_block_device.#": "1",
                            "root_block_device.0.delete_on_termination": "true",
                            "root_block_device.0.encrypted": "false",
                            "root_block_device.0.iops": "100",
                            "root_block_device.0.kms_key_id": "",
                            "root_block_device.0.volume_id": "vol-0830c5e3e553547ec",
                            "root_block_device.0.volume_size": "20",
                            "root_block_device.0.volume_type": "gp2",
                            "security_groups.#": "0",
                            "source_dest_check": "true",
                            "subnet_id": "subnet-0dc298e7f9b88c2b0",
                            "tags.%": "6",
                            "tags.Name": "m4je2o0jwty6e-pool1",
                            "tags.banzaicloud-pipeline-cluster-name": "m4je2o0jwty6e",
                            "tags.banzaicloud-pipeline-managed": "true",
                            "tags.banzaicloud-pipeline-stack-type": "nodepool",
                            "tags.banzaicloud-pipeline-uuid": "e9f93691-caef-4f62-93c3-fc735a79beb5",
                            "tags.kubernetes.io/cluster/m4je2o0jwty6e": "owned",
                            "tenancy": "default",
                            "user_data_base64": "IyEvYmluL2Jhc2gKc2V0IC1vIHh0cmFjZQovZXRjL2Vrcy9ib290c3RyYXAuc2ggbTRqZTJvMGp3dHk2ZSAtLWt1YmVsZXQtZXh0cmEtYXJncyAnLS1ub2RlLWxhYmVscyBub2RlcG9vbC5iYW56YWljbG91ZC5pby9uYW1lPXBvb2wxJwovb3B0L2F3cy9iaW4vY2ZuLXNpZ25hbCAtLWV4aXQtY29kZSAkPyBcCiAgICAgICAgIC0tc3RhY2sgIHBpcGVsaW5lLWVrcy1ub2RlcG9vbC1tNGplMm8wand0eTZlLXBvb2wxIFwKICAgICAgICAgLS1yZXNvdXJjZSBOb2RlR3JvdXAgIFwKICAgICAgICAgLS1yZWdpb24gdXMtZWFzdC0yCg==",
                            "volume_tags.%": "0",
                            "vpc_security_group_ids.#": "1",
                            "vpc_security_group_ids.0": "sg-007d703253c235022"
                        },
                        "meta": {
                            "schema_version": 1
                        },
                        "tainted": false
                    },
                    "deposed": [],
                    "provider": "provider.aws"
                },
                "aws_internet_gateway.tfer--igw-002D-088f33bf76de8c31c": {
                    "type": "aws_internet_gateway",
                    "depends_on": [],
                    "primary": {
                        "id": "igw-088f33bf76de8c31c",
                        "attributes": {
                            "id": "igw-088f33bf76de8c31c",
                            "owner_id": "377481363432",
                            "tags.%": "4",
                            "tags.banzaicloud-pipeline-cluster-name": "m4je2o0jwty6e",
                            "tags.banzaicloud-pipeline-managed": "true",
                            "tags.banzaicloud-pipeline-stack-type": "vpc",
                            "tags.banzaicloud-pipeline-uuid": "e9f93691-caef-4f62-93c3-fc735a79beb5",
                            "vpc_id": "vpc-063de654fdde6412d"
                        },
                        "meta": {
                            "schema_version": 0
                        },
                        "tainted": false
                    },
                    "deposed": [],
                    "provider": "provider.aws"
                },
                "aws_internet_gateway.tfer--igw-002D-572ae53e": {
                    "type": "aws_internet_gateway",
                    "depends_on": [],
                    "primary": {
                        "id": "igw-572ae53e",
                        "attributes": {
                            "id": "igw-572ae53e",
                            "owner_id": "377481363432",
                            "tags.%": "0",
                            "vpc_id": "vpc-c3fc20aa"
                        },
                        "meta": {
                            "schema_version": 0
                        },
                        "tainted": false
                    },
                    "deposed": [],
                    "provider": "provider.aws"
                },
                "aws_launch_configuration.tfer--eks-002D-vsjd36IH-002D-1-002E-14-002D-wg-002D-small2020022622594755250000000d": {
                    "type": "aws_launch_configuration",
                    "depends_on": [],
                    "primary": {
                        "id": "eks-vsjd36IH-1.14-wg-small2020022622594755250000000d",
                        "attributes": {
                            "arn": "arn:aws:autoscaling:us-east-2:377481363432:launchConfiguration:3e0db42e-0546-4784-8df2-10266015338c:launchConfigurationName/eks-vsjd36IH-1.14-wg-small2020022622594755250000000d",
                            "associate_public_ip_address": "false",
                            "ebs_block_device.#": "0",
                            "ebs_optimized": "true",
                            "enable_monitoring": "true",
                            "ephemeral_block_device.#": "0",
                            "iam_instance_profile": "eks-vsjd36IH20200226225944724300000008",
                            "id": "eks-vsjd36IH-1.14-wg-small2020022622594755250000000d",
                            "image_id": "ami-074f0e3f73e526e8c",
                            "instance_type": "t3.2xlarge",
                            "key_name": "eks-worker-node-vsjd36IH",
                            "name": "eks-vsjd36IH-1.14-wg-small2020022622594755250000000d",
                            "root_block_device.#": "1",
                            "root_block_device.0.delete_on_termination": "true",
                            "root_block_device.0.encrypted": "false",
                            "root_block_device.0.iops": "0",
                            "root_block_device.0.volume_size": "100",
                            "root_block_device.0.volume_type": "gp2",
                            "security_groups.#": "1",
                            "security_groups.0": "sg-0b1b10fd33ee8e584",
                            "spot_price": "",
                            "user_data_base64": "IyEvYmluL2Jhc2ggLXhlCgojIEFsbG93IHVzZXIgc3VwcGxpZWQgcHJlIHVzZXJkYXRhIGNvZGUKCgojIEJvb3RzdHJhcCBhbmQgam9pbiB0aGUgY2x1c3RlcgovZXRjL2Vrcy9ib290c3RyYXAuc2ggLS1iNjQtY2x1c3Rlci1jYSAnTFMwdExTMUNSVWRKVGlCRFJWSlVTVVpKUTBGVVJTMHRMUzB0Q2sxSlNVTjVSRU5EUVdKRFowRjNTVUpCWjBsQ1FVUkJUa0puYTNGb2EybEhPWGN3UWtGUmMwWkJSRUZXVFZKTmQwVlJXVVJXVVZGRVJYZHdjbVJYU213S1kyMDFiR1JIVm5wTlFqUllSRlJKZDAxRVNYbE9ha2w1VGxSamVFMHhiMWhFVkUxM1RVUkplVTE2U1hsT1ZHTjRUVEZ2ZDBaVVJWUk5Ra1ZIUVRGVlJRcEJlRTFMWVROV2FWcFlTblZhV0ZKc1kzcERRMEZUU1hkRVVWbEtTMjlhU1doMlkwNUJVVVZDUWxGQlJHZG5SVkJCUkVORFFWRnZRMmRuUlVKQlRVdzRDbFpQYlU5alpTOU9aVEZUVHpaME5YSTFjR2w1UlVOc1FsUnVPRGxVTkdSaE1Xd3laM1phY1VsWE4xTTVTbGQ2VDJ3eFVYRm1VRTFqVEVWcVRWaHpVbEFLZGpseksybEdVR1JpYVZwd1puTm1Ra2hrU1hOaVVtNWtja1pIVFZoQ2QyY3lWelJyYjFWQlkxRjJkbEZ6Tm5aclQyMXlZVXgyUWpWT2FFbHVOWGxNUlFwRlNtWnZaemhIVEdSTGJGSXZiMUpCUkZGNlVISTBPRE5hUlZjdmNFcEJaRmt6YjBkVmFEQnRORE4zYkRSMlVuSk5VM1JMWm1aUEwwcHVlalpIVlZoVUNscHJVbXRqUkUxelYwUjJVVTQxVlhWS2FUVlZNbG96UjJsSFVHOXFiRzVHVEc4eFJDOTRZVXBhVUZaaE1FSjJOV3BLTjAweFExTk9PRGxsUlhSQlN6WUtNbkZSUjFGTldIUmhOMHRDUjNSeGQyWTJibmd3VUdoUlZWSlpOak5IYUdKak1sVnJXVVJKZWl0bWQydHdXRXA0U1hSVlltUmhTbXg1VFd0T1NtUlRUQW9yU1dWaE5GaHdibnBPYlM5TE5tUlpOM2hqUTBGM1JVRkJZVTFxVFVORmQwUm5XVVJXVWpCUVFWRklMMEpCVVVSQlowdHJUVUU0UjBFeFZXUkZkMFZDQ2k5M1VVWk5RVTFDUVdZNGQwUlJXVXBMYjFwSmFIWmpUa0ZSUlV4Q1VVRkVaMmRGUWtGSGVGbzVORzFtUlZsUFlqZFZNbWxVWkhjd2JVUlFVSGx6ZUU0S0wwSmxOV1F3YVRrM2FFMVJjRzA0VUdoM1MwaExhWGxxVmxGMFpsTnNUazl3VTFkVVQzWkhhWFZJY0ZWc1dqRmlMMlpJV0dvM2NYcEdhelZaTlRaRU9BcFFOemxQTldOSmFESTBkU3MxVlhGWFJWSlNjbGg1VFZOM2EyVXliMHRLZUVab05FazBlRzVvVTBsb1FsSTJNRVZDWVRWM1lrTk9TbUpIUVROMFNsZDZDbTl2VFZCV1NUbHZiMWMxUmtreFIzWktVMWg2WkdGd2JTODFNRGhKUjBvck1UQTNNVWxJUXpOcmNXOHZjWGhZUWpjdmNreFZha3hCU1hKNU9HNXNiMUFLU21GNFRXZ3pORGhUSzB4UGJFbzVha2sxT0V4U0wybFBjbUpPVVdGcVRuazRWVFpKVW5jM04za3dXV2xuV0haRlUwWmpWMUo2TldJNU9FcHZPVVJ2VEFwM0szaGlOVkJtZDBKQmRYVlRSbkp0VVRJelJqVjFNbWN3UjNGVGVpdGtUQzluVlVFNVpXRXlWRmxwVUZWMmRrTnJTMUpHYVRGWVpFaG9WVDBLTFMwdExTMUZUa1FnUTBWU1ZFbEdTVU5CVkVVdExTMHRMUW89JyAtLWFwaXNlcnZlci1lbmRwb2ludCAnaHR0cHM6Ly9DNzFFMzM2MzJDMjEyM0NCQ0Y2MTc3QUY4NjEyRjA5Mi5zazEudXMtZWFzdC0yLmVrcy5hbWF6b25hd3MuY29tJyAgLS1rdWJlbGV0LWV4dHJhLWFyZ3MgIiIgJ2Vrcy12c2pkMzZJSCcKCiMgQWxsb3cgdXNlciBzdXBwbGllZCB1c2VyZGF0YSBjb2RlCgo=",
                            "vpc_classic_link_id": "",
                            "vpc_classic_link_security_groups.#": "0"
                        },
                        "meta": {
                            "schema_version": 0
                        },
                        "tainted": false
                    },
                    "deposed": [],
                    "provider": "provider.aws"
                },
                "aws_launch_configuration.tfer--pipeline-002D-eks-002D-nodepool-002D-m4je2o0jwty6e-002D-pool1-002D-NodeLaunchConfig-002D-7Z23HDQIVTIJ": {
                    "type": "aws_launch_configuration",
                    "depends_on": [],
                    "primary": {
                        "id": "pipeline-eks-nodepool-m4je2o0jwty6e-pool1-NodeLaunchConfig-7Z23HDQIVTIJ",
                        "attributes": {
                            "arn": "arn:aws:autoscaling:us-east-2:377481363432:launchConfiguration:c7c134f5-eef7-482f-a473-7e267ed796cd:launchConfigurationName/pipeline-eks-nodepool-m4je2o0jwty6e-pool1-NodeLaunchConfig-7Z23HDQIVTIJ",
                            "associate_public_ip_address": "false",
                            "ebs_block_device.#": "0",
                            "ebs_optimized": "false",
                            "enable_monitoring": "true",
                            "ephemeral_block_device.#": "0",
                            "iam_instance_profile": "pipeline-eks-nodepool-m4je2o0jwty6e-pool1-NodeInstanceProfile-18SB9NE52VL88",
                            "id": "pipeline-eks-nodepool-m4je2o0jwty6e-pool1-NodeLaunchConfig-7Z23HDQIVTIJ",
                            "image_id": "ami-053250833d1030033",
                            "instance_type": "r4.large",
                            "key_name": "pipeline-eks-ssh-m4je2o0jwty6e",
                            "name": "pipeline-eks-nodepool-m4je2o0jwty6e-pool1-NodeLaunchConfig-7Z23HDQIVTIJ",
                            "root_block_device.#": "1",
                            "root_block_device.0.delete_on_termination": "true",
                            "root_block_device.0.encrypted": "false",
                            "root_block_device.0.iops": "0",
                            "root_block_device.0.volume_size": "20",
                            "root_block_device.0.volume_type": "gp2",
                            "security_groups.#": "1",
                            "security_groups.0": "sg-007d703253c235022",
                            "spot_price": "",
                            "user_data_base64": "IyEvYmluL2Jhc2gKc2V0IC1vIHh0cmFjZQovZXRjL2Vrcy9ib290c3RyYXAuc2ggbTRqZTJvMGp3dHk2ZSAtLWt1YmVsZXQtZXh0cmEtYXJncyAnLS1ub2RlLWxhYmVscyBub2RlcG9vbC5iYW56YWljbG91ZC5pby9uYW1lPXBvb2wxJwovb3B0L2F3cy9iaW4vY2ZuLXNpZ25hbCAtLWV4aXQtY29kZSAkPyBcCiAgICAgICAgIC0tc3RhY2sgIHBpcGVsaW5lLWVrcy1ub2RlcG9vbC1tNGplMm8wand0eTZlLXBvb2wxIFwKICAgICAgICAgLS1yZXNvdXJjZSBOb2RlR3JvdXAgIFwKICAgICAgICAgLS1yZWdpb24gdXMtZWFzdC0yCg==",
                            "vpc_classic_link_id": "",
                            "vpc_classic_link_security_groups.#": "0"
                        },
                        "meta": {
                            "schema_version": 0
                        },
                        "tainted": false
                    },
                    "deposed": [],
                    "provider": "provider.aws"
                },
                "aws_main_route_table_association.tfer--vpc-002D-063de654fdde6412d": {
                    "type": "aws_main_route_table_association",
                    "depends_on": [],
                    "primary": {
                        "id": "rtbassoc-0034fb2d8b0c08d58",
                        "attributes": {
                            "id": "rtbassoc-0034fb2d8b0c08d58",
                            "route_table_id": "rtb-04de8e082d98bd27d",
                            "vpc_id": "vpc-063de654fdde6412d"
                        },
                        "meta": {
                            "schema_version": 0
                        },
                        "tainted": false
                    },
                    "deposed": [],
                    "provider": "provider.aws"
                },
                "aws_main_route_table_association.tfer--vpc-002D-c3fc20aa": {
                    "type": "aws_main_route_table_association",
                    "depends_on": [],
                    "primary": {
                        "id": "rtbassoc-02fb516b",
                        "attributes": {
                            "id": "rtbassoc-02fb516b",
                            "route_table_id": "rtb-898a51e0",
                            "vpc_id": "vpc-c3fc20aa"
                        },
                        "meta": {
                            "schema_version": 0
                        },
                        "tainted": false
                    },
                    "deposed": [],
                    "provider": "provider.aws"
                },
                "aws_network_acl.tfer--acl-002D-09e07bbc264030ded": {
                    "type": "aws_network_acl",
                    "depends_on": [],
                    "primary": {
                        "id": "acl-09e07bbc264030ded",
                        "attributes": {
                            "egress.#": "1",
                            "egress.0.action": "allow",
                            "egress.0.cidr_block": "0.0.0.0/0",
                            "egress.0.from_port": "0",
                            "egress.0.icmp_code": "0",
                            "egress.0.icmp_type": "0",
                            "egress.0.ipv6_cidr_block": "",
                            "egress.0.protocol": "-1",
                            "egress.0.rule_no": "100",
                            "egress.0.to_port": "0",
                            "id": "acl-09e07bbc264030ded",
                            "ingress.#": "1",
                            "ingress.0.action": "allow",
                            "ingress.0.cidr_block": "0.0.0.0/0",
                            "ingress.0.from_port": "0",
                            "ingress.0.icmp_code": "0",
                            "ingress.0.icmp_type": "0",
                            "ingress.0.ipv6_cidr_block": "",
                            "ingress.0.protocol": "-1",
                            "ingress.0.rule_no": "100",
                            "ingress.0.to_port": "0",
                            "owner_id": "377481363432",
                            "subnet_ids.#": "2",
                            "subnet_ids.0": "subnet-0099b3ef85aa62e65",
                            "subnet_ids.1": "subnet-0dc298e7f9b88c2b0",
                            "tags.%": "0",
                            "vpc_id": "vpc-063de654fdde6412d"
                        },
                        "meta": {
                            "schema_version": 0
                        },
                        "tainted": false
                    },
                    "deposed": [],
                    "provider": "provider.aws"
                },
                "aws_network_acl.tfer--acl-002D-c821f8a1": {
                    "type": "aws_network_acl",
                    "depends_on": [],
                    "primary": {
                        "id": "acl-c821f8a1",
                        "attributes": {
                            "egress.#": "1",
                            "egress.0.action": "allow",
                            "egress.0.cidr_block": "0.0.0.0/0",
                            "egress.0.from_port": "0",
                            "egress.0.icmp_code": "0",
                            "egress.0.icmp_type": "0",
                            "egress.0.ipv6_cidr_block": "",
                            "egress.0.protocol": "-1",
                            "egress.0.rule_no": "100",
                            "egress.0.to_port": "0",
                            "id": "acl-c821f8a1",
                            "ingress.#": "1",
                            "ingress.0.action": "allow",
                            "ingress.0.cidr_block": "0.0.0.0/0",
                            "ingress.0.from_port": "0",
                            "ingress.0.icmp_code": "0",
                            "ingress.0.icmp_type": "0",
                            "ingress.0.ipv6_cidr_block": "",
                            "ingress.0.protocol": "-1",
                            "ingress.0.rule_no": "100",
                            "ingress.0.to_port": "0",
                            "owner_id": "377481363432",
                            "subnet_ids.#": "3",
                            "subnet_ids.0": "subnet-451fed3e",
                            "subnet_ids.1": "subnet-4bf45a22",
                            "subnet_ids.2": "subnet-6da8be27",
                            "tags.%": "0",
                            "vpc_id": "vpc-c3fc20aa"
                        },
                        "meta": {
                            "schema_version": 0
                        },
                        "tainted": false
                    },
                    "deposed": [],
                    "provider": "provider.aws"
                },
                "aws_route_table.tfer--rtb-002D-04de8e082d98bd27d": {
                    "type": "aws_route_table",
                    "depends_on": [],
                    "primary": {
                        "id": "rtb-04de8e082d98bd27d",
                        "attributes": {
                            "id": "rtb-04de8e082d98bd27d",
                            "owner_id": "377481363432",
                            "propagating_vgws.#": "0",
                            "route.#": "0",
                            "tags.%": "0",
                            "vpc_id": "vpc-063de654fdde6412d"
                        },
                        "meta": {
                            "schema_version": 0
                        },
                        "tainted": false
                    },
                    "deposed": [],
                    "provider": "provider.aws"
                },
                "aws_route_table.tfer--rtb-002D-0b3d3913a72b383ce": {
                    "type": "aws_route_table",
                    "depends_on": [],
                    "primary": {
                        "id": "rtb-0b3d3913a72b383ce",
                        "attributes": {
                            "id": "rtb-0b3d3913a72b383ce",
                            "owner_id": "377481363432",
                            "propagating_vgws.#": "0",
                            "route.#": "1",
                            "route.0.cidr_block": "0.0.0.0/0",
                            "route.0.egress_only_gateway_id": "",
                            "route.0.gateway_id": "igw-088f33bf76de8c31c",
                            "route.0.instance_id": "",
                            "route.0.ipv6_cidr_block": "",
                            "route.0.nat_gateway_id": "",
                            "route.0.network_interface_id": "",
                            "route.0.transit_gateway_id": "",
                            "route.0.vpc_peering_connection_id": "",
                            "tags.%": "6",
                            "tags.Name": "Public Subnets",
                            "tags.Network": "Public",
                            "tags.banzaicloud-pipeline-cluster-name": "m4je2o0jwty6e",
                            "tags.banzaicloud-pipeline-managed": "true",
                            "tags.banzaicloud-pipeline-stack-type": "vpc",
                            "tags.banzaicloud-pipeline-uuid": "e9f93691-caef-4f62-93c3-fc735a79beb5",
                            "vpc_id": "vpc-063de654fdde6412d"
                        },
                        "meta": {
                            "schema_version": 0
                        },
                        "tainted": false
                    },
                    "deposed": [],
                    "provider": "provider.aws"
                },
                "aws_route_table.tfer--rtb-002D-898a51e0": {
                    "type": "aws_route_table",
                    "depends_on": [],
                    "primary": {
                        "id": "rtb-898a51e0",
                        "attributes": {
                            "id": "rtb-898a51e0",
                            "owner_id": "377481363432",
                            "propagating_vgws.#": "0",
                            "route.#": "1",
                            "route.0.cidr_block": "0.0.0.0/0",
                            "route.0.egress_only_gateway_id": "",
                            "route.0.gateway_id": "igw-572ae53e",
                            "route.0.instance_id": "",
                            "route.0.ipv6_cidr_block": "",
                            "route.0.nat_gateway_id": "",
                            "route.0.network_interface_id": "",
                            "route.0.transit_gateway_id": "",
                            "route.0.vpc_peering_connection_id": "",
                            "tags.%": "0",
                            "vpc_id": "vpc-c3fc20aa"
                        },
                        "meta": {
                            "schema_version": 0
                        },
                        "tainted": false
                    },
                    "deposed": [],
                    "provider": "provider.aws"
                },
                "aws_route_table_association.tfer--subnet-002D-0099b3ef85aa62e65": {
                    "type": "aws_route_table_association",
                    "depends_on": [],
                    "primary": {
                        "id": "rtbassoc-0f7f5b7a4a673f3d9",
                        "attributes": {
                            "id": "rtbassoc-0f7f5b7a4a673f3d9",
                            "route_table_id": "rtb-0b3d3913a72b383ce",
                            "subnet_id": "subnet-0099b3ef85aa62e65"
                        },
                        "meta": {
                            "schema_version": 0
                        },
                        "tainted": false
                    },
                    "deposed": [],
                    "provider": "provider.aws"
                },
                "aws_route_table_association.tfer--subnet-002D-0dc298e7f9b88c2b0": {
                    "type": "aws_route_table_association",
                    "depends_on": [],
                    "primary": {
                        "id": "rtbassoc-007095768cca77f53",
                        "attributes": {
                            "id": "rtbassoc-007095768cca77f53",
                            "route_table_id": "rtb-0b3d3913a72b383ce",
                            "subnet_id": "subnet-0dc298e7f9b88c2b0"
                        },
                        "meta": {
                            "schema_version": 0
                        },
                        "tainted": false
                    },
                    "deposed": [],
                    "provider": "provider.aws"
                },
                "aws_sns_topic.tfer--DO-002D-NOT-002D-UNSUBSCRIBE-002D-AwsConfig-002D-ConduitAsap": {
                    "type": "aws_sns_topic",
                    "depends_on": [],
                    "primary": {
                        "id": "arn:aws:sns:us-east-2:377481363432:DO-NOT-UNSUBSCRIBE-AwsConfig-ConduitAsap",
                        "attributes": {
                            "application_failure_feedback_role_arn": "",
                            "application_success_feedback_role_arn": "",
                            "application_success_feedback_sample_rate": "0",
                            "arn": "arn:aws:sns:us-east-2:377481363432:DO-NOT-UNSUBSCRIBE-AwsConfig-ConduitAsap",
                            "delivery_policy": "",
                            "display_name": "",
                            "http_failure_feedback_role_arn": "",
                            "http_success_feedback_role_arn": "",
                            "http_success_feedback_sample_rate": "0",
                            "id": "arn:aws:sns:us-east-2:377481363432:DO-NOT-UNSUBSCRIBE-AwsConfig-ConduitAsap",
                            "kms_master_key_id": "",
                            "lambda_failure_feedback_role_arn": "",
                            "lambda_success_feedback_role_arn": "",
                            "lambda_success_feedback_sample_rate": "0",
                            "name": "DO-NOT-UNSUBSCRIBE-AwsConfig-ConduitAsap",
                            "policy": "{\"Version\":\"2008-10-17\",\"Id\":\"__default_policy_ID\",\"Statement\":[{\"Sid\":\"__default_statement_ID\",\"Effect\":\"Allow\",\"Principal\":{\"AWS\":\"*\"},\"Action\":[\"SNS:GetTopicAttributes\",\"SNS:SetTopicAttributes\",\"SNS:AddPermission\",\"SNS:RemovePermission\",\"SNS:DeleteTopic\",\"SNS:Subscribe\",\"SNS:ListSubscriptionsByTopic\",\"SNS:Publish\",\"SNS:Receive\"],\"Resource\":\"arn:aws:sns:us-east-2:377481363432:DO-NOT-UNSUBSCRIBE-AwsConfig-ConduitAsap\",\"Condition\":{\"StringEquals\":{\"AWS:SourceOwner\":\"377481363432\"}}},{\"Sid\":\"Allow-account-738551296921-to-subscribe-to-topic\",\"Effect\":\"Allow\",\"Principal\":{\"AWS\":\"arn:aws:iam::738551296921:root\"},\"Action\":\"SNS:Subscribe\",\"Resource\":\"arn:aws:sns:us-east-2:377481363432:DO-NOT-UNSUBSCRIBE-AwsConfig-ConduitAsap\"}]}",
                            "sqs_failure_feedback_role_arn": "",
                            "sqs_success_feedback_role_arn": "",
                            "sqs_success_feedback_sample_rate": "0",
                            "tags.%": "0"
                        },
                        "meta": {
                            "schema_version": 0
                        },
                        "tainted": false
                    },
                    "deposed": [],
                    "provider": "provider.aws"
                },
                "aws_sns_topic.tfer--DO-002D-NOT-002D-UNSUBSCRIBE-002D-CloudWatch-002D-ConduitAsap": {
                    "type": "aws_sns_topic",
                    "depends_on": [],
                    "primary": {
                        "id": "arn:aws:sns:us-east-2:377481363432:DO-NOT-UNSUBSCRIBE-CloudWatch-ConduitAsap",
                        "attributes": {
                            "application_failure_feedback_role_arn": "",
                            "application_success_feedback_role_arn": "",
                            "application_success_feedback_sample_rate": "0",
                            "arn": "arn:aws:sns:us-east-2:377481363432:DO-NOT-UNSUBSCRIBE-CloudWatch-ConduitAsap",
                            "delivery_policy": "",
                            "display_name": "",
                            "http_failure_feedback_role_arn": "",
                            "http_success_feedback_role_arn": "",
                            "http_success_feedback_sample_rate": "0",
                            "id": "arn:aws:sns:us-east-2:377481363432:DO-NOT-UNSUBSCRIBE-CloudWatch-ConduitAsap",
                            "kms_master_key_id": "",
                            "lambda_failure_feedback_role_arn": "",
                            "lambda_success_feedback_role_arn": "",
                            "lambda_success_feedback_sample_rate": "0",
                            "name": "DO-NOT-UNSUBSCRIBE-CloudWatch-ConduitAsap",
                            "policy": "{\"Version\":\"2008-10-17\",\"Id\":\"__default_policy_ID\",\"Statement\":[{\"Sid\":\"__default_statement_ID\",\"Effect\":\"Allow\",\"Principal\":{\"AWS\":\"*\"},\"Action\":[\"SNS:GetTopicAttributes\",\"SNS:SetTopicAttributes\",\"SNS:AddPermission\",\"SNS:RemovePermission\",\"SNS:DeleteTopic\",\"SNS:Subscribe\",\"SNS:ListSubscriptionsByTopic\",\"SNS:Publish\",\"SNS:Receive\"],\"Resource\":\"arn:aws:sns:us-east-2:377481363432:DO-NOT-UNSUBSCRIBE-CloudWatch-ConduitAsap\",\"Condition\":{\"StringEquals\":{\"AWS:SourceOwner\":\"377481363432\"}}},{\"Sid\":\"Allow-account-738551296921-to-subscribe-to-topic\",\"Effect\":\"Allow\",\"Principal\":{\"AWS\":\"arn:aws:iam::738551296921:root\"},\"Action\":\"SNS:Subscribe\",\"Resource\":\"arn:aws:sns:us-east-2:377481363432:DO-NOT-UNSUBSCRIBE-CloudWatch-ConduitAsap\"},{\"Sid\":\"TrustCWEToPublishEventsToMyTopic\",\"Effect\":\"Allow\",\"Principal\":{\"Service\":\"events.amazonaws.com\"},\"Action\":\"sns:Publish\",\"Resource\":\"arn:aws:sns:us-east-2:377481363432:DO-NOT-UNSUBSCRIBE-CloudWatch-ConduitAsap\"},{\"Sid\":\"Allow-UDD-accounts-to-subscribe-to-topic\",\"Effect\":\"Allow\",\"Principal\":{\"AWS\":[\"arn:aws:iam::464185035232:root\",\"arn:aws:iam::663859289684:root\"]},\"Action\":\"SNS:Subscribe\",\"Resource\":\"arn:aws:sns:us-east-2:377481363432:DO-NOT-UNSUBSCRIBE-CloudWatch-ConduitAsap\"}]}",
                            "sqs_failure_feedback_role_arn": "",
                            "sqs_success_feedback_role_arn": "",
                            "sqs_success_feedback_sample_rate": "0",
                            "tags.%": "0"
                        },
                        "meta": {
                            "schema_version": 0
                        },
                        "tainted": false
                    },
                    "deposed": [],
                    "provider": "provider.aws"
                },
                "aws_sns_topic.tfer--DO-002D-NOT-002D-UNSUBSCRIBE-002D-GuardDuty-002D-ConduitAsap": {
                    "type": "aws_sns_topic",
                    "depends_on": [],
                    "primary": {
                        "id": "arn:aws:sns:us-east-2:377481363432:DO-NOT-UNSUBSCRIBE-GuardDuty-ConduitAsap",
                        "attributes": {
                            "application_failure_feedback_role_arn": "",
                            "application_success_feedback_role_arn": "",
                            "application_success_feedback_sample_rate": "0",
                            "arn": "arn:aws:sns:us-east-2:377481363432:DO-NOT-UNSUBSCRIBE-GuardDuty-ConduitAsap",
                            "delivery_policy": "",
                            "display_name": "",
                            "http_failure_feedback_role_arn": "",
                            "http_success_feedback_role_arn": "",
                            "http_success_feedback_sample_rate": "0",
                            "id": "arn:aws:sns:us-east-2:377481363432:DO-NOT-UNSUBSCRIBE-GuardDuty-ConduitAsap",
                            "kms_master_key_id": "",
                            "lambda_failure_feedback_role_arn": "",
                            "lambda_success_feedback_role_arn": "",
                            "lambda_success_feedback_sample_rate": "0",
                            "name": "DO-NOT-UNSUBSCRIBE-GuardDuty-ConduitAsap",
                            "policy": "{\"Version\":\"2008-10-17\",\"Id\":\"__default_policy_ID\",\"Statement\":[{\"Sid\":\"__default_statement_ID\",\"Effect\":\"Allow\",\"Principal\":{\"AWS\":\"*\"},\"Action\":[\"SNS:GetTopicAttributes\",\"SNS:SetTopicAttributes\",\"SNS:AddPermission\",\"SNS:RemovePermission\",\"SNS:DeleteTopic\",\"SNS:Subscribe\",\"SNS:ListSubscriptionsByTopic\",\"SNS:Publish\",\"SNS:Receive\"],\"Resource\":\"arn:aws:sns:us-east-2:377481363432:DO-NOT-UNSUBSCRIBE-GuardDuty-ConduitAsap\",\"Condition\":{\"StringEquals\":{\"AWS:SourceOwner\":\"377481363432\"}}},{\"Sid\":\"Allow-account-706672062568-to-subscribe-to-topic\",\"Effect\":\"Allow\",\"Principal\":{\"AWS\":\"arn:aws:iam::706672062568:root\"},\"Action\":\"SNS:Subscribe\",\"Resource\":\"arn:aws:sns:us-east-2:377481363432:DO-NOT-UNSUBSCRIBE-GuardDuty-ConduitAsap\"},{\"Sid\":\"TrustGuardDutyToPublishEventsToSns\",\"Effect\":\"Allow\",\"Principal\":{\"Service\":\"events.amazonaws.com\"},\"Action\":\"sns:Publish\",\"Resource\":\"arn:aws:sns:us-east-2:377481363432:DO-NOT-UNSUBSCRIBE-GuardDuty-ConduitAsap\"}]}",
                            "sqs_failure_feedback_role_arn": "",
                            "sqs_success_feedback_role_arn": "",
                            "sqs_success_feedback_sample_rate": "0",
                            "tags.%": "0"
                        },
                        "meta": {
                            "schema_version": 0
                        },
                        "tainted": false
                    },
                    "deposed": [],
                    "provider": "provider.aws"
                },
                "aws_sns_topic.tfer--DO-002D-NOT-002D-UNSUBSCRIBE-002D-User-002D-Defined-002D-Detections": {
                    "type": "aws_sns_topic",
                    "depends_on": [],
                    "primary": {
                        "id": "arn:aws:sns:us-east-2:377481363432:DO-NOT-UNSUBSCRIBE-User-Defined-Detections",
                        "attributes": {
                            "application_failure_feedback_role_arn": "",
                            "application_success_feedback_role_arn": "",
                            "application_success_feedback_sample_rate": "0",
                            "arn": "arn:aws:sns:us-east-2:377481363432:DO-NOT-UNSUBSCRIBE-User-Defined-Detections",
                            "delivery_policy": "",
                            "display_name": "",
                            "http_failure_feedback_role_arn": "",
                            "http_success_feedback_role_arn": "",
                            "http_success_feedback_sample_rate": "0",
                            "id": "arn:aws:sns:us-east-2:377481363432:DO-NOT-UNSUBSCRIBE-User-Defined-Detections",
                            "kms_master_key_id": "",
                            "lambda_failure_feedback_role_arn": "",
                            "lambda_success_feedback_role_arn": "",
                            "lambda_success_feedback_sample_rate": "0",
                            "name": "DO-NOT-UNSUBSCRIBE-User-Defined-Detections",
                            "policy": "{\"Version\":\"2008-10-17\",\"Id\":\"__default_policy_ID\",\"Statement\":[{\"Sid\":\"__default_statement_ID\",\"Effect\":\"Allow\",\"Principal\":{\"AWS\":\"*\"},\"Action\":[\"SNS:GetTopicAttributes\",\"SNS:SetTopicAttributes\",\"SNS:AddPermission\",\"SNS:RemovePermission\",\"SNS:DeleteTopic\",\"SNS:Subscribe\",\"SNS:ListSubscriptionsByTopic\",\"SNS:Publish\",\"SNS:Receive\"],\"Resource\":\"arn:aws:sns:us-east-2:377481363432:DO-NOT-UNSUBSCRIBE-User-Defined-Detections\",\"Condition\":{\"StringEquals\":{\"AWS:SourceOwner\":\"377481363432\"}}},{\"Sid\":\"TrustCWEToPublishEventsToMyTopic\",\"Effect\":\"Allow\",\"Principal\":{\"Service\":\"events.amazonaws.com\"},\"Action\":\"sns:Publish\",\"Resource\":\"arn:aws:sns:us-east-2:377481363432:DO-NOT-UNSUBSCRIBE-User-Defined-Detections\"},{\"Sid\":\"Allow-UDD-accounts-to-subscribe-to-topic\",\"Effect\":\"Allow\",\"Principal\":{\"AWS\":[\"arn:aws:iam::464185035232:root\",\"arn:aws:iam::663859289684:root\"]},\"Action\":\"SNS:Subscribe\",\"Resource\":\"arn:aws:sns:us-east-2:377481363432:DO-NOT-UNSUBSCRIBE-User-Defined-Detections\"}]}",
                            "sqs_failure_feedback_role_arn": "",
                            "sqs_success_feedback_role_arn": "",
                            "sqs_success_feedback_sample_rate": "0",
                            "tags.%": "0"
                        },
                        "meta": {
                            "schema_version": 0
                        },
                        "tainted": false
                    },
                    "deposed": [],
                    "provider": "provider.aws"
                },
                "aws_subnet.tfer--subnet-002D-0099b3ef85aa62e65": {
                    "type": "aws_subnet",
                    "depends_on": [],
                    "primary": {
                        "id": "subnet-0099b3ef85aa62e65",
                        "attributes": {
                            "arn": "arn:aws:ec2:us-east-2:377481363432:subnet/subnet-0099b3ef85aa62e65",
                            "assign_ipv6_address_on_creation": "false",
                            "availability_zone": "us-east-2b",
                            "availability_zone_id": "use2-az2",
                            "cidr_block": "192.168.80.0/20",
                            "id": "subnet-0099b3ef85aa62e65",
                            "ipv6_cidr_block": "",
                            "ipv6_cidr_block_association_id": "",
                            "map_public_ip_on_launch": "true",
                            "owner_id": "377481363432",
                            "tags.%": "6",
                            "tags.Name": "pipeline-eks-subnet-m4je2o0jwty6e-192-168-80-0-20",
                            "tags.banzaicloud-pipeline-cluster-name": "m4je2o0jwty6e",
                            "tags.banzaicloud-pipeline-managed": "true",
                            "tags.banzaicloud-pipeline-stack-type": "subnet",
                            "tags.banzaicloud-pipeline-uuid": "e9f93691-caef-4f62-93c3-fc735a79beb5",
                            "tags.kubernetes.io/cluster/m4je2o0jwty6e": "shared",
                            "vpc_id": "vpc-063de654fdde6412d"
                        },
                        "meta": {
                            "schema_version": 1
                        },
                        "tainted": false
                    },
                    "deposed": [],
                    "provider": "provider.aws"
                },
                "aws_subnet.tfer--subnet-002D-0dc298e7f9b88c2b0": {
                    "type": "aws_subnet",
                    "depends_on": [],
                    "primary": {
                        "id": "subnet-0dc298e7f9b88c2b0",
                        "attributes": {
                            "arn": "arn:aws:ec2:us-east-2:377481363432:subnet/subnet-0dc298e7f9b88c2b0",
                            "assign_ipv6_address_on_creation": "false",
                            "availability_zone": "us-east-2a",
                            "availability_zone_id": "use2-az1",
                            "cidr_block": "192.168.64.0/20",
                            "id": "subnet-0dc298e7f9b88c2b0",
                            "ipv6_cidr_block": "",
                            "ipv6_cidr_block_association_id": "",
                            "map_public_ip_on_launch": "true",
                            "owner_id": "377481363432",
                            "tags.%": "6",
                            "tags.Name": "pipeline-eks-subnet-m4je2o0jwty6e-192-168-64-0-20",
                            "tags.banzaicloud-pipeline-cluster-name": "m4je2o0jwty6e",
                            "tags.banzaicloud-pipeline-managed": "true",
                            "tags.banzaicloud-pipeline-stack-type": "subnet",
                            "tags.banzaicloud-pipeline-uuid": "e9f93691-caef-4f62-93c3-fc735a79beb5",
                            "tags.kubernetes.io/cluster/m4je2o0jwty6e": "shared",
                            "vpc_id": "vpc-063de654fdde6412d"
                        },
                        "meta": {
                            "schema_version": 1
                        },
                        "tainted": false
                    },
                    "deposed": [],
                    "provider": "provider.aws"
                },
                "aws_subnet.tfer--subnet-002D-451fed3e": {
                    "type": "aws_subnet",
                    "depends_on": [],
                    "primary": {
                        "id": "subnet-451fed3e",
                        "attributes": {
                            "arn": "arn:aws:ec2:us-east-2:377481363432:subnet/subnet-451fed3e",
                            "assign_ipv6_address_on_creation": "false",
                            "availability_zone": "us-east-2b",
                            "availability_zone_id": "use2-az2",
                            "cidr_block": "172.31.16.0/20",
                            "id": "subnet-451fed3e",
                            "ipv6_cidr_block": "",
                            "ipv6_cidr_block_association_id": "",
                            "map_public_ip_on_launch": "true",
                            "owner_id": "377481363432",
                            "tags.%": "0",
                            "vpc_id": "vpc-c3fc20aa"
                        },
                        "meta": {
                            "schema_version": 1
                        },
                        "tainted": false
                    },
                    "deposed": [],
                    "provider": "provider.aws"
                },
                "aws_subnet.tfer--subnet-002D-4bf45a22": {
                    "type": "aws_subnet",
                    "depends_on": [],
                    "primary": {
                        "id": "subnet-4bf45a22",
                        "attributes": {
                            "arn": "arn:aws:ec2:us-east-2:377481363432:subnet/subnet-4bf45a22",
                            "assign_ipv6_address_on_creation": "false",
                            "availability_zone": "us-east-2a",
                            "availability_zone_id": "use2-az1",
                            "cidr_block": "172.31.0.0/20",
                            "id": "subnet-4bf45a22",
                            "ipv6_cidr_block": "",
                            "ipv6_cidr_block_association_id": "",
                            "map_public_ip_on_launch": "true",
                            "owner_id": "377481363432",
                            "tags.%": "0",
                            "vpc_id": "vpc-c3fc20aa"
                        },
                        "meta": {
                            "schema_version": 1
                        },
                        "tainted": false
                    },
                    "deposed": [],
                    "provider": "provider.aws"
                },
                "aws_subnet.tfer--subnet-002D-6da8be27": {
                    "type": "aws_subnet",
                    "depends_on": [],
                    "primary": {
                        "id": "subnet-6da8be27",
                        "attributes": {
                            "arn": "arn:aws:ec2:us-east-2:377481363432:subnet/subnet-6da8be27",
                            "assign_ipv6_address_on_creation": "false",
                            "availability_zone": "us-east-2c",
                            "availability_zone_id": "use2-az3",
                            "cidr_block": "172.31.32.0/20",
                            "id": "subnet-6da8be27",
                            "ipv6_cidr_block": "",
                            "ipv6_cidr_block_association_id": "",
                            "map_public_ip_on_launch": "true",
                            "owner_id": "377481363432",
                            "tags.%": "0",
                            "vpc_id": "vpc-c3fc20aa"
                        },
                        "meta": {
                            "schema_version": 1
                        },
                        "tainted": false
                    },
                    "deposed": [],
                    "provider": "provider.aws"
                },
                "aws_volume_attachment.tfer--i-002D-0f4e40488601b1dba-003A--002F-dev-002F-xvdce": {
                    "type": "aws_volume_attachment",
                    "depends_on": [],
                    "primary": {
                        "id": "vai-503943195",
                        "attributes": {
                            "device_name": "/dev/xvdce",
                            "id": "vai-503943195",
                            "instance_id": "i-0f4e40488601b1dba",
                            "volume_id": "vol-03521e31c017cb57b"
                        },
                        "meta": {
                            "schema_version": 0
                        },
                        "tainted": false
                    },
                    "deposed": [],
                    "provider": "provider.aws"
                },
                "aws_volume_attachment.tfer--i-002D-0fb37c5b2c57af3df-003A--002F-dev-002F-xvdcm": {
                    "type": "aws_volume_attachment",
                    "depends_on": [],
                    "primary": {
                        "id": "vai-1507054553",
                        "attributes": {
                            "device_name": "/dev/xvdcm",
                            "id": "vai-1507054553",
                            "instance_id": "i-0fb37c5b2c57af3df",
                            "volume_id": "vol-099bb5d3047a27940"
                        },
                        "meta": {
                            "schema_version": 0
                        },
                        "tainted": false
                    },
                    "deposed": [],
                    "provider": "provider.aws"
                },
                "aws_volume_attachment.tfer--i-002D-0fcbd8773f620361b-003A--002F-dev-002F-xvdbg": {
                    "type": "aws_volume_attachment",
                    "depends_on": [],
                    "primary": {
                        "id": "vai-3435340613",
                        "attributes": {
                            "device_name": "/dev/xvdbg",
                            "id": "vai-3435340613",
                            "instance_id": "i-0fcbd8773f620361b",
                            "volume_id": "vol-0b8ac7033481d4b11"
                        },
                        "meta": {
                            "schema_version": 0
                        },
                        "tainted": false
                    },
                    "deposed": [],
                    "provider": "provider.aws"
                },
                "aws_vpc.tfer--vpc-002D-063de654fdde6412d": {
                    "type": "aws_vpc",
                    "depends_on": [],
                    "primary": {
                        "id": "vpc-063de654fdde6412d",
                        "attributes": {
                            "arn": "arn:aws:ec2:us-east-2:377481363432:vpc/vpc-063de654fdde6412d",
                            "assign_generated_ipv6_cidr_block": "false",
                            "cidr_block": "192.168.0.0/16",
                            "default_network_acl_id": "acl-09e07bbc264030ded",
                            "default_route_table_id": "rtb-04de8e082d98bd27d",
                            "default_security_group_id": "sg-015b809c53f8481dc",
                            "dhcp_options_id": "dopt-edc81684",
                            "enable_dns_hostnames": "true",
                            "enable_dns_support": "true",
                            "id": "vpc-063de654fdde6412d",
                            "instance_tenancy": "default",
                            "ipv6_association_id": "",
                            "ipv6_cidr_block": "",
                            "main_route_table_id": "rtb-04de8e082d98bd27d",
                            "owner_id": "377481363432",
                            "tags.%": "6",
                            "tags.Name": "pipeline-eks-m4je2o0jwty6e-VPC",
                            "tags.banzaicloud-pipeline-cluster-name": "m4je2o0jwty6e",
                            "tags.banzaicloud-pipeline-managed": "true",
                            "tags.banzaicloud-pipeline-stack-type": "vpc",
                            "tags.banzaicloud-pipeline-uuid": "e9f93691-caef-4f62-93c3-fc735a79beb5",
                            "tags.kubernetes.io/cluster/m4je2o0jwty6e": "shared"
                        },
                        "meta": {
                            "schema_version": 1
                        },
                        "tainted": false
                    },
                    "deposed": [],
                    "provider": "provider.aws"
                },
                "aws_vpc.tfer--vpc-002D-c3fc20aa": {
                    "type": "aws_vpc",
                    "depends_on": [],
                    "primary": {
                        "id": "vpc-c3fc20aa",
                        "attributes": {
                            "arn": "arn:aws:ec2:us-east-2:377481363432:vpc/vpc-c3fc20aa",
                            "assign_generated_ipv6_cidr_block": "false",
                            "cidr_block": "172.31.0.0/16",
                            "default_network_acl_id": "acl-c821f8a1",
                            "default_route_table_id": "rtb-898a51e0",
                            "default_security_group_id": "sg-27f9444e",
                            "dhcp_options_id": "dopt-edc81684",
                            "enable_dns_hostnames": "true",
                            "enable_dns_support": "true",
                            "id": "vpc-c3fc20aa",
                            "instance_tenancy": "default",
                            "ipv6_association_id": "",
                            "ipv6_cidr_block": "",
                            "main_route_table_id": "rtb-898a51e0",
                            "owner_id": "377481363432",
                            "tags.%": "0"
                        },
                        "meta": {
                            "schema_version": 1
                        },
                        "tainted": false
                    },
                    "deposed": [],
                    "provider": "provider.aws"
                }
            },
            "depends_on": []
        }
    ]
}
